<Solution>
  <Folder Name="/Solution Items/">
    <File Path=".editorconfig" />
    <File Path=".gitignore" />
    <File Path=".gitlab-ci.yml" />
    <File Path=".globalconfig" />
    <File Path="CHANGELOG.md" />
    <File Path="Directory.Build.props" />
    <File Path="Directory.Packages.props" />
    <File Path="module-metadata.json" />
    <File Path="NuGet.Config" />
    <File Path="README.md" />
    <File Path="VERSION" />
  </Folder>
  <Folder Name="/src/">
    <Project Path="src/DataCollectionWizard.Backend/DataCollectionWizard.Backend.csproj" />
    <Project Path="src/DataCollectionWizard.Client/DataCollectionWizard.Client.csproj" />
    <Project Path="src/DataCollectionWizard.Deployment/DataCollectionWizard.Deployment.csproj" />
    <Project Path="src/DataCollectionWizard.Internal/DataCollectionWizard.Internal.csproj" />
    <Project Path="src/DataCollectionWizard.Public/DataCollectionWizard.Public.csproj" />
  </Folder>
  <Folder Name="/tests/">
    <Project Path="tests/DataCollectionWizard.Backend.Tests/DataCollectionWizard.Backend.Tests.csproj" />
    <Project Path="tests/DataCollectionWizard.Client.Tests/DataCollectionWizard.Client.Tests.csproj" />
    <Project Path="tests/DataCollectionWizard.Internal.Tests/DataCollectionWizard.Internal.Tests.csproj" />
  </Folder>
</Solution>
