{
  "version": 2,
  "dependencies": {
    "net10.0": {
      "ViciOne.CodeAnalysis": {
        "type": "Direct",
        "requested": "[1.6.0, )",
        "resolved": "1.6.0",
        "contentHash": "fDshyYU+Yz8rVfqXjLYPeELZTlTXz8/T+pJPHeWACsE/CyhcQ3ybo+AzZdIyzjxs9M4tzqK4wil2loy694aMAQ=="
      },
      "ViciOne.Suite.Sdk.Deployment": {
        "type": "Direct",
        "requested": "[2.0.0, )",
        "resolved": "2.0.0",
        "contentHash": "vx5D4tAJT9k9IjQgXqAUWSqErcM6sNguObFjnQAR+qshFYTYQ3NvSjOpDzIJFQXiYiePk28Syj66W5Izc0Apkw=="
      }
    },
    "net10.0/linux-arm64": {},
    "net10.0/linux-x64": {},
    "net10.0/win-x64": {}
  }
}