{
  "version": 2,
  "dependencies": {
    "net9.0": {
      "ViciOne.CodeAnalysis": {
        "type": "Direct",
        "requested": "[1.2.1, )",
        "resolved": "1.2.1",
        "contentHash": "QLRj/dBscAqmCoRFL45bjIHfpx5F5sjC5JVo+vOxIHG3rW+jaYDO9TSAcPEABxd+GMl0JkOHDiWdhrgLIG3QjQ=="
      },
      "ViciOne.Suite.Sdk.Deployment": {
        "type": "Direct",
        "requested": "[1.1.0, )",
        "resolved": "1.1.0",
        "contentHash": "PWE3yTiTqHpJIHX4oqNWUhW2StSJ0G1OW5Ap7Qc5T2NJOQ/ah+4IEeXndj+Vrn4NlvVCES7fS6uvnDmmNvprfw=="
      }
    },
    "net9.0/linux-arm64": {},
    "net9.0/linux-x64": {},
    "net9.0/win-x64": {}
  }
}