{
  "version": 2,
  "dependencies": {
    "net10.0": {
      "ViciOne.CodeAnalysis": {
        "type": "Direct",
        "requested": "[1.6.0, )",
        "resolved": "1.6.0",
        "contentHash": "fDshyYU+Yz8rVfqXjLYPeELZTlTXz8/T+pJPHeWACsE/CyhcQ3ybo+AzZdIyzjxs9M4tzqK4wil2loy694aMAQ=="
      },
      "ViciOne.Suite.Sdk.Deployment": {
        "type": "Direct",
        "requested": "[2.1.0, )",
        "resolved": "2.1.0",
        "contentHash": "f8er+X2n/VyxbwWQ+GbLx2NQdfqP9m85ry+fuS/ZeW1dncQCt/p+4HEPwiHWK6PaiRO08xUZbCByHfKI3VtAsw=="
      }
    },
    "net10.0/linux-arm64": {},
    "net10.0/linux-x64": {},
    "net10.0/win-x64": {}
  }
}