{
  "version": 2,
  "dependencies": {
    "net10.0": {
      "ViciOne.Cluster.Builder": {
        "type": "Direct",
        "requested": "[1.0.0, )",
        "resolved": "1.0.0",
        "contentHash": "GCcxOXTcePV3zIkVel6qYQ3px0TkV0k2cCet4mZ2FC3eKBZqE3rioLWn1Tybt2bH1KOSxTSSqz2K8gCdt07EPA==",
        "dependencies": {
          "ViciOne.Cluster.Model": "1.0.0",
          "ViciOne.Core.Dataflow": "1.0.0",
          "ViciOne.Engine.DefaultPoolings": "1.0.0"
        }
      },
      "ViciOne.CodeAnalysis": {
        "type": "Direct",
        "requested": "[1.6.0, )",
        "resolved": "1.6.0",
        "contentHash": "fDshyYU+Yz8rVfqXjLYPeELZTlTXz8/T+pJPHeWACsE/CyhcQ3ybo+AzZdIyzjxs9M4tzqK4wil2loy694aMAQ=="
      },
      "ViciOne.Driver.IoTCore.Contracts": {
        "type": "Direct",
        "requested": "[2.0.1, )",
        "resolved": "2.0.1",
        "contentHash": "eTAHCTRnPIBWQiXw9qm1idbA/nKfDKboxepqZorKPfOqaGmc9xDLd3/1GkVOcB4dbJnRMvVREU1FtS680zTNkA=="
      },
      "ViciOne.Suite.ClusterManagement.Public": {
        "type": "Direct",
        "requested": "[2.2.0, )",
        "resolved": "2.2.0",
        "contentHash": "r76Mfg02rwp8e/mFViz2onp3ldruo5x+hrXX2W5zsD6M+4kdz5YIdrmP1jIfTuDC+3TfZLjlPRzkz0mndRplPg==",
        "dependencies": {
          "ViciOne.Cluster.Builder": "1.0.0",
          "ViciOne.Suite.Sdk": "2.1.0"
        }
      },
      "ViciOne.Suite.DataPort.Anna.Contracts": {
        "type": "Direct",
        "requested": "[1.0.0, )",
        "resolved": "1.0.0",
        "contentHash": "vPjGKYaeusCLt0jtOn9nwxN08mmdPZD7RAW5wiEXeNl0eItxsQg+Zil3fNX/e3/NPygquaWGJ7SZs/uyfWjbOw=="
      },
      "ViciOne.Suite.Sdk": {
        "type": "Direct",
        "requested": "[2.1.0, )",
        "resolved": "2.1.0",
        "contentHash": "hmtrgY7QcpWE606d3y6ci8YV7e9LTtW/Hvh2qXpbxElVjcWkfo2uEV+i1wrS/ZiXItbGNDnJVqnlCWouk2bOtQ==",
        "dependencies": {
          "MassTransit.Abstractions": "8.5.10",
          "Microsoft.AspNetCore.Authorization": "10.0.8",
          "Microsoft.Extensions.Diagnostics.HealthChecks.Abstractions": "10.0.8",
          "ViciOne.CodeAnalysis.MustCallBase": "1.6.0"
        }
      },
      "FastCloner": {
        "type": "Transitive",
        "resolved": "3.4.7",
        "contentHash": "30wSSPo5ut//D6VZH1HfugVZBAmXxaoF7/oDPiAOKAOp+50C63KJ2dhtja4CeQd68ZqiYJoxNcigJPARieWiJg=="
      },
      "MassTransit.Abstractions": {
        "type": "Transitive",
        "resolved": "8.5.10",
        "contentHash": "nZnm2YNH+NcVwY6yC114sJy8J9LtKdFjfKUm/A5HfmzOlZ8ksjgHaPBg5XCG1VAqKDRDFnaudIcesVultKJD7g=="
      },
      "Microsoft.AspNetCore.Authorization": {
        "type": "Transitive",
        "resolved": "10.0.8",
        "contentHash": "t+q60N2/+UIBnkuLRJWv1r02fhuwPI1fqUh0xnuWIjsVsU1szYcic0/LW+BcZ4ZaO3mMVVJP3H/F9bwfJgGboA==",
        "dependencies": {
          "Microsoft.AspNetCore.Metadata": "10.0.8",
          "Microsoft.Extensions.Diagnostics": "10.0.8",
          "Microsoft.Extensions.Logging.Abstractions": "10.0.8",
          "Microsoft.Extensions.Options": "10.0.8"
        }
      },
      "Microsoft.AspNetCore.Metadata": {
        "type": "Transitive",
        "resolved": "10.0.8",
        "contentHash": "N+d8MnpnEhKnbkCZzrV5jyPLpMOA9eSxP91We8B8QRSlt5NnyWDk1deEn8JpErDbyiQBAwhbvkxLofIOijRwTw=="
      },
      "Microsoft.Extensions.Configuration": {
        "type": "Transitive",
        "resolved": "10.0.8",
        "contentHash": "ehZcoPbjzWzS4XFvuz7R3V55SmpdkyMqFURLH3yXaN9NtXd9tR6CGB7pd49HYtCkenl+G7ctXSFLhNI08xLfRg==",
        "dependencies": {
          "Microsoft.Extensions.Configuration.Abstractions": "10.0.8",
          "Microsoft.Extensions.Primitives": "10.0.8"
        }
      },
      "Microsoft.Extensions.Configuration.Abstractions": {
        "type": "Transitive",
        "resolved": "10.0.8",
        "contentHash": "I63esIFbL3h5pSt7gXpXOlmcwDmYBUoYNEglKfDPFUqtYvSV84f2l28hO2lfVXsV0wdlplgAM7IVz16matapSg==",
        "dependencies": {
          "Microsoft.Extensions.Primitives": "10.0.8"
        }
      },
      "Microsoft.Extensions.Configuration.Binder": {
        "type": "Transitive",
        "resolved": "10.0.8",
        "contentHash": "R3NN1X+kVu14uoxLEW6sBSQyhogDSbaOQzILnCtuXxBN4hx22AgjWPwZX6v/suERFkEDgU1lk12AglHTrUxhlw==",
        "dependencies": {
          "Microsoft.Extensions.Configuration": "10.0.8",
          "Microsoft.Extensions.Configuration.Abstractions": "10.0.8"
        }
      },
      "Microsoft.Extensions.DependencyInjection.Abstractions": {
        "type": "Transitive",
        "resolved": "10.0.8",
        "contentHash": "21nbDV60SRPWGIivsyl6lqBeEJNG1sginhhfWgRrr3Ais7aQ12To25OAHQxgoiJkjqy1aQ6RxpZBGYuTi7Ge6A=="
      },
      "Microsoft.Extensions.Diagnostics": {
        "type": "Transitive",
        "resolved": "10.0.8",
        "contentHash": "uduyw9d3Fi+sbredO5drA1S44AQS2FRNFyn72UmB2vmQIO1qaXprpp1U/2lYhYi8yFdVERfY9sy/pxw/qPOU9w==",
        "dependencies": {
          "Microsoft.Extensions.Configuration": "10.0.8",
          "Microsoft.Extensions.Diagnostics.Abstractions": "10.0.8",
          "Microsoft.Extensions.Options.ConfigurationExtensions": "10.0.8"
        }
      },
      "Microsoft.Extensions.Diagnostics.Abstractions": {
        "type": "Transitive",
        "resolved": "10.0.8",
        "contentHash": "+f4C5g78QCGNyxzUfrTYsB7qYx06Zca0e88s3qFlea9/lQhgPImYdNprlgzl1uHhRU3fVHLfmbijayU2sJEZ6w==",
        "dependencies": {
          "Microsoft.Extensions.DependencyInjection.Abstractions": "10.0.8",
          "Microsoft.Extensions.Options": "10.0.8"
        }
      },
      "Microsoft.Extensions.Diagnostics.HealthChecks.Abstractions": {
        "type": "Transitive",
        "resolved": "10.0.8",
        "contentHash": "0j06qq5I1YGSIi4M86UaVITBprvn3bTWKmQiLDNEqnZ2d+UxaFb+tVqemxVzr5lkr6GTR83ExUfSIpCnBaTZFA=="
      },
      "Microsoft.Extensions.Logging.Abstractions": {
        "type": "Transitive",
        "resolved": "10.0.8",
        "contentHash": "fdVadZmsC8jRP0KvKy8mO8f6GV/HyBvElfcSxEhd+5FM5boAw/01iSaCto5G3G37ApJira4A3pNaVvBv8cUiLQ==",
        "dependencies": {
          "Microsoft.Extensions.DependencyInjection.Abstractions": "10.0.8"
        }
      },
      "Microsoft.Extensions.Options": {
        "type": "Transitive",
        "resolved": "10.0.8",
        "contentHash": "VBD+131DpTNCNDfA4kIyKTiCySvJGNhwibdWBSdFRu7GMfXLXcXODkgA+KStKbbhzraLglZWUN4nXyHgW4JIRA==",
        "dependencies": {
          "Microsoft.Extensions.DependencyInjection.Abstractions": "10.0.8",
          "Microsoft.Extensions.Primitives": "10.0.8"
        }
      },
      "Microsoft.Extensions.Options.ConfigurationExtensions": {
        "type": "Transitive",
        "resolved": "10.0.8",
        "contentHash": "VOapXeO3lhBH0zYoyAH7tjapuo4V5pTHlevPpiSHueEquAajqd5nF0mttm+h/uE/exwAEuM5s26SzOJtletE3w==",
        "dependencies": {
          "Microsoft.Extensions.Configuration.Abstractions": "10.0.8",
          "Microsoft.Extensions.Configuration.Binder": "10.0.8",
          "Microsoft.Extensions.DependencyInjection.Abstractions": "10.0.8",
          "Microsoft.Extensions.Options": "10.0.8",
          "Microsoft.Extensions.Primitives": "10.0.8"
        }
      },
      "Microsoft.Extensions.Primitives": {
        "type": "Transitive",
        "resolved": "10.0.8",
        "contentHash": "OBPo4nYhMyIbtueoC10CBm6AGAbo/A9IV8QQ/6ryZS7VvmqpGT7hunazeHLxFawRzn3oLOq4jhqhpBX4tfswWQ=="
      },
      "Newtonsoft.Json": {
        "type": "Transitive",
        "resolved": "13.0.4",
        "contentHash": "pdgNNMai3zv51W5aq268sujXUyx7SNdE2bj1wZcWjAQrKMFZV260lbqYop1d2GM67JI1huLRwxo9ZqnfF/lC6A=="
      },
      "ViciOne.Cluster.Model": {
        "type": "Transitive",
        "resolved": "1.0.0",
        "contentHash": "ljSWCLtPYlrzNhlgbVFP9XfU7/MTlOrNIQ+AIcAGLyFjEGTWv7tMpdFGjWbhAs8rNo8coGk2puXWUpimkqr6EQ==",
        "dependencies": {
          "ViciOne.Core.Contracts": "1.0.0",
          "ViciOne.ManagedEngine.Serialization": "1.0.0",
          "ViciOne.Serialization.Json": "1.0.0"
        }
      },
      "ViciOne.CodeAnalysis.MustCallBase": {
        "type": "Transitive",
        "resolved": "1.6.0",
        "contentHash": "PCe0xFAejg2FcxePPNribpB3vgh4RvOYgvLXnsbJP7cCe+w4BS63zSKoWXC1NzHEX0ZHEnPx6f3CuLjscgPF4g=="
      },
      "ViciOne.Core.Contracts": {
        "type": "Transitive",
        "resolved": "1.0.0",
        "contentHash": "AOr1PWoy5LCJWbb73E0+Gywh55DQFQLiJRUGZFEAknCQOZ07TuyiNxkb+f7mh/W+fyhgx1eehdN4H8L9i6s31g==",
        "dependencies": {
          "Microsoft.Extensions.Logging.Abstractions": "10.0.3"
        }
      },
      "ViciOne.Core.Dataflow": {
        "type": "Transitive",
        "resolved": "1.0.0",
        "contentHash": "+cXGZuamNOKQvbqCYKUSYttrz64qBaQHno/VXANMnOT6///jCE+rcJXqiuw3g6d5R71i7uNWtvknEJcUed5+0g==",
        "dependencies": {
          "FastCloner": "3.4.7",
          "ViciOne.Core.Contracts": "1.0.0"
        }
      },
      "ViciOne.Core.Runtime": {
        "type": "Transitive",
        "resolved": "1.0.0",
        "contentHash": "if/EBwinB6KOWxGugJj+zhctBhnKyYAFAXhGt2BOFYxPADUrXS2uC1C5Nwkodfz7JbFxmnF+iAXTioX0ap5f7A==",
        "dependencies": {
          "ViciOne.Core.Contracts": "1.0.0"
        }
      },
      "ViciOne.Engine.DefaultPoolings": {
        "type": "Transitive",
        "resolved": "1.0.0",
        "contentHash": "aKo2lnS28E2u0PkTZ+Tj3cZssIUN9Nk8b5xNVZ0AaeHoRDRIRtkTDLXgMRSCrVYJlpmzRRfmhkFQedi22nhr4w==",
        "dependencies": {
          "ViciOne.Core.Runtime": "1.0.0"
        }
      },
      "ViciOne.ManagedEngine.Serialization": {
        "type": "Transitive",
        "resolved": "1.0.0",
        "contentHash": "8ZwPSnqDn3lZODdhK2/7Qe54yNEWt3XIxmVDAd5IK86+OjsU3gSCcZdMOo1Zq2aqWja4KtlSzgvj3hQfMqiisQ=="
      },
      "ViciOne.Serialization.Json": {
        "type": "Transitive",
        "resolved": "1.0.0",
        "contentHash": "6txx7nQFY0+8NAlP3XxYP7NUwCf2ttzybI1/22XKQ+3WQpnEjWt12wxg+8zN5c9rTOIE1kzKe8XQTLzbZNKRBw==",
        "dependencies": {
          "Newtonsoft.Json": "13.0.4"
        }
      },
      "ViciOne.Suite.DataCollectionWizard.Public": {
        "type": "Project",
        "dependencies": {
          "ViciOne.Driver.IoTCore.Contracts": "[2.0.1, )",
          "ViciOne.Suite.Sdk": "[2.1.0, )"
        }
      }
    },
    "net10.0/linux-arm64": {},
    "net10.0/linux-x64": {},
    "net10.0/win-x64": {}
  }
}