{
  "version": 2,
  "dependencies": {
    "net10.0": {
      "ViciOne.Cluster.Builder": {
        "type": "Direct",
        "requested": "[1.0.0, )",
        "resolved": "1.0.0",
        "contentHash": "GCcxOXTcePV3zIkVel6qYQ3px0TkV0k2cCet4mZ2FC3eKBZqE3rioLWn1Tybt2bH1KOSxTSSqz2K8gCdt07EPA==",
        "dependencies": {
          "ViciOne.Cluster.Model": "1.0.0",
          "ViciOne.Core.Dataflow": "1.0.0",
          "ViciOne.Engine.DefaultPoolings": "1.0.0"
        }
      },
      "ViciOne.CodeAnalysis": {
        "type": "Direct",
        "requested": "[1.6.0, )",
        "resolved": "1.6.0",
        "contentHash": "fDshyYU+Yz8rVfqXjLYPeELZTlTXz8/T+pJPHeWACsE/CyhcQ3ybo+AzZdIyzjxs9M4tzqK4wil2loy694aMAQ=="
      },
      "ViciOne.Driver.IoTCore.Contracts": {
        "type": "Direct",
        "requested": "[2.0.0, )",
        "resolved": "2.0.0",
        "contentHash": "JiwhLeldrvXxuO8a/wWbgdUY5I7f6rJ3ZzpTKeIEIqHflkcORB4gHjFCTuxolOtq32iT5rKaDC9dFOa7UChDPg=="
      },
      "ViciOne.Suite.ClusterManagement.Public": {
        "type": "Direct",
        "requested": "[2.0.0-ci2452036204, )",
        "resolved": "2.0.0-ci2452036204",
        "contentHash": "aOsOIJrtFbyimXkT3F1j3a9xC2W9haOEZ5zO0lMGjUVaWovY2Q1fNqjB+hlJsPNYQvP8OAriRiJNqhv23NziMw==",
        "dependencies": {
          "ViciOne.Cluster.Builder": "1.0.0",
          "ViciOne.Suite.Sdk": "2.0.0-ci2451533346"
        }
      },
      "ViciOne.Suite.DataPort.Anna.Contracts": {
        "type": "Direct",
        "requested": "[1.0.0, )",
        "resolved": "1.0.0",
        "contentHash": "vPjGKYaeusCLt0jtOn9nwxN08mmdPZD7RAW5wiEXeNl0eItxsQg+Zil3fNX/e3/NPygquaWGJ7SZs/uyfWjbOw=="
      },
      "ViciOne.Suite.Sdk": {
        "type": "Direct",
        "requested": "[2.0.0-ci2451533346, )",
        "resolved": "2.0.0-ci2451533346",
        "contentHash": "fBo4V9L+iEg7BEAK4q7YKVGjjUfcq2n6gXIef039AMBE5yTcnYw/uCOCXJcaD7ia+7upk06DO0yYpgKQLEqwYw==",
        "dependencies": {
          "MassTransit.Abstractions": "8.5.9",
          "Microsoft.AspNetCore.Authorization": "10.0.5",
          "Microsoft.Extensions.Diagnostics.HealthChecks.Abstractions": "10.0.5",
          "ViciOne.CodeAnalysis.MustCallBase": "1.6.0"
        }
      },
      "FastCloner": {
        "type": "Transitive",
        "resolved": "3.4.7",
        "contentHash": "30wSSPo5ut//D6VZH1HfugVZBAmXxaoF7/oDPiAOKAOp+50C63KJ2dhtja4CeQd68ZqiYJoxNcigJPARieWiJg=="
      },
      "MassTransit.Abstractions": {
        "type": "Transitive",
        "resolved": "8.5.9",
        "contentHash": "osNYcFMNzMbwPG6x5zc9u5l0t43+uvlbVqjS99hSIaop8uWnABps7NRgqAUgWX30Zd00wKhDv1nBFRtPV6CFSw=="
      },
      "Microsoft.AspNetCore.Authorization": {
        "type": "Transitive",
        "resolved": "10.0.5",
        "contentHash": "NbFi4wN6fUvZK4AKmixpfx0IvqtVimKEn8ZX28LkzZBVo09YnLbyRrJ1001IVQDLbV+aYpS/cLhVJu5JD0rY5A==",
        "dependencies": {
          "Microsoft.AspNetCore.Metadata": "10.0.5",
          "Microsoft.Extensions.Diagnostics": "10.0.5",
          "Microsoft.Extensions.Logging.Abstractions": "10.0.5",
          "Microsoft.Extensions.Options": "10.0.5"
        }
      },
      "Microsoft.AspNetCore.Metadata": {
        "type": "Transitive",
        "resolved": "10.0.5",
        "contentHash": "nXVB1K4RzyhDHKYWLiq3+aJopJZKO5ojFqHV9PZ74fe4VWM/8itoouqsd2KIqSooIwQ13UDNlPQfN2rWr7hc2A=="
      },
      "Microsoft.Extensions.Configuration": {
        "type": "Transitive",
        "resolved": "10.0.5",
        "contentHash": "8Rx5sqg04FttxrumyG6bmoRuFRgYzK6IVwF1i0/o0cXfKBdDeVpJejKHtJCMjyg9E/DNMVqpqOGe/tCT5gYvVA==",
        "dependencies": {
          "Microsoft.Extensions.Configuration.Abstractions": "10.0.5",
          "Microsoft.Extensions.Primitives": "10.0.5"
        }
      },
      "Microsoft.Extensions.Configuration.Abstractions": {
        "type": "Transitive",
        "resolved": "10.0.5",
        "contentHash": "P09QpTHjqHmCLQOTC+WyLkoRNxek4NIvfWt+TnU0etoDUSRxcltyd6+j/ouRbMdLR0j44GqGO+lhI2M4fAHG4g==",
        "dependencies": {
          "Microsoft.Extensions.Primitives": "10.0.5"
        }
      },
      "Microsoft.Extensions.Configuration.Binder": {
        "type": "Transitive",
        "resolved": "10.0.5",
        "contentHash": "99Z4rjyXopb1MIazDSPcvwYCUdYNO01Cf1GUs2WUjIFAbkGmwzj2vPa2k+3pheJRV+YgNd2QqRKHAri0oBAU4Q==",
        "dependencies": {
          "Microsoft.Extensions.Configuration": "10.0.5",
          "Microsoft.Extensions.Configuration.Abstractions": "10.0.5"
        }
      },
      "Microsoft.Extensions.DependencyInjection.Abstractions": {
        "type": "Transitive",
        "resolved": "10.0.5",
        "contentHash": "iVMtq9eRvzyhx8949EGT0OCYJfXi737SbRVzWXE5GrOgGj5AaZ9eUuxA/BSUfmOMALKn/g8KfFaNQw0eiB3lyA=="
      },
      "Microsoft.Extensions.Diagnostics": {
        "type": "Transitive",
        "resolved": "10.0.5",
        "contentHash": "vAJHd4yOpmKoK+jBuYV7a3y+Ab9U4ARCc29b6qvMy276RgJFw9LFs0DdsPqOL3ahwzyrX7tM+i4cCxU/RX0qAg==",
        "dependencies": {
          "Microsoft.Extensions.Configuration": "10.0.5",
          "Microsoft.Extensions.Diagnostics.Abstractions": "10.0.5",
          "Microsoft.Extensions.Options.ConfigurationExtensions": "10.0.5"
        }
      },
      "Microsoft.Extensions.Diagnostics.Abstractions": {
        "type": "Transitive",
        "resolved": "10.0.5",
        "contentHash": "/nYGrpa9/0BZofrVpBbbj+Ns8ZesiPE0V/KxsuHgDgHQopIzN54nRaQGSuvPw16/kI9sW1Zox5yyAPqvf0Jz6A==",
        "dependencies": {
          "Microsoft.Extensions.DependencyInjection.Abstractions": "10.0.5",
          "Microsoft.Extensions.Options": "10.0.5"
        }
      },
      "Microsoft.Extensions.Diagnostics.HealthChecks.Abstractions": {
        "type": "Transitive",
        "resolved": "10.0.5",
        "contentHash": "NrIMTy7dpqxAvA6kHAYH8cXID/YgeNOy0OqFKpLtkPu5X4WS/basX91UszANzVrMNRAICJ2GOnGiRxJtsRyEQw=="
      },
      "Microsoft.Extensions.Logging.Abstractions": {
        "type": "Transitive",
        "resolved": "10.0.5",
        "contentHash": "9HOdqlDtPptVcmKAjsQ/Nr5Rxfq6FMYLdhvZh1lVmeKR738qeYecQD7+ldooXf+u2KzzR1kafSphWngIM3C6ug==",
        "dependencies": {
          "Microsoft.Extensions.DependencyInjection.Abstractions": "10.0.5"
        }
      },
      "Microsoft.Extensions.Options": {
        "type": "Transitive",
        "resolved": "10.0.5",
        "contentHash": "MDaQMdUplw0AIRhWWmbLA7yQEXaLIHb+9CTroTiNS8OlI0LMXS4LCxtopqauiqGCWlRgJ+xyraVD8t6veRAFbw==",
        "dependencies": {
          "Microsoft.Extensions.DependencyInjection.Abstractions": "10.0.5",
          "Microsoft.Extensions.Primitives": "10.0.5"
        }
      },
      "Microsoft.Extensions.Options.ConfigurationExtensions": {
        "type": "Transitive",
        "resolved": "10.0.5",
        "contentHash": "BB9uUW3+6Rxu1R97OB1H/13lUF8P2+H1+eDhpZlK30kDh/6E4EKHBUqTp+ilXQmZLzsRErxON8aBSR6WpUKJdg==",
        "dependencies": {
          "Microsoft.Extensions.Configuration.Abstractions": "10.0.5",
          "Microsoft.Extensions.Configuration.Binder": "10.0.5",
          "Microsoft.Extensions.DependencyInjection.Abstractions": "10.0.5",
          "Microsoft.Extensions.Options": "10.0.5",
          "Microsoft.Extensions.Primitives": "10.0.5"
        }
      },
      "Microsoft.Extensions.Primitives": {
        "type": "Transitive",
        "resolved": "10.0.5",
        "contentHash": "/HUHJ0tw/LQvD0DZrz50eQy/3z7PfX7WWEaXnjKTV9/TNdcgFlNTZGo49QhS7PTmhDqMyHRMqAXSBxLh0vso4g=="
      },
      "Newtonsoft.Json": {
        "type": "Transitive",
        "resolved": "13.0.4",
        "contentHash": "pdgNNMai3zv51W5aq268sujXUyx7SNdE2bj1wZcWjAQrKMFZV260lbqYop1d2GM67JI1huLRwxo9ZqnfF/lC6A=="
      },
      "ViciOne.Cluster.Model": {
        "type": "Transitive",
        "resolved": "1.0.0",
        "contentHash": "ljSWCLtPYlrzNhlgbVFP9XfU7/MTlOrNIQ+AIcAGLyFjEGTWv7tMpdFGjWbhAs8rNo8coGk2puXWUpimkqr6EQ==",
        "dependencies": {
          "ViciOne.Core.Contracts": "1.0.0",
          "ViciOne.ManagedEngine.Serialization": "1.0.0",
          "ViciOne.Serialization.Json": "1.0.0"
        }
      },
      "ViciOne.CodeAnalysis.MustCallBase": {
        "type": "Transitive",
        "resolved": "1.6.0",
        "contentHash": "PCe0xFAejg2FcxePPNribpB3vgh4RvOYgvLXnsbJP7cCe+w4BS63zSKoWXC1NzHEX0ZHEnPx6f3CuLjscgPF4g=="
      },
      "ViciOne.Core.Contracts": {
        "type": "Transitive",
        "resolved": "1.0.0",
        "contentHash": "AOr1PWoy5LCJWbb73E0+Gywh55DQFQLiJRUGZFEAknCQOZ07TuyiNxkb+f7mh/W+fyhgx1eehdN4H8L9i6s31g==",
        "dependencies": {
          "Microsoft.Extensions.Logging.Abstractions": "10.0.3"
        }
      },
      "ViciOne.Core.Dataflow": {
        "type": "Transitive",
        "resolved": "1.0.0",
        "contentHash": "+cXGZuamNOKQvbqCYKUSYttrz64qBaQHno/VXANMnOT6///jCE+rcJXqiuw3g6d5R71i7uNWtvknEJcUed5+0g==",
        "dependencies": {
          "FastCloner": "3.4.7",
          "ViciOne.Core.Contracts": "1.0.0"
        }
      },
      "ViciOne.Core.Runtime": {
        "type": "Transitive",
        "resolved": "1.0.0",
        "contentHash": "if/EBwinB6KOWxGugJj+zhctBhnKyYAFAXhGt2BOFYxPADUrXS2uC1C5Nwkodfz7JbFxmnF+iAXTioX0ap5f7A==",
        "dependencies": {
          "ViciOne.Core.Contracts": "1.0.0"
        }
      },
      "ViciOne.Engine.DefaultPoolings": {
        "type": "Transitive",
        "resolved": "1.0.0",
        "contentHash": "aKo2lnS28E2u0PkTZ+Tj3cZssIUN9Nk8b5xNVZ0AaeHoRDRIRtkTDLXgMRSCrVYJlpmzRRfmhkFQedi22nhr4w==",
        "dependencies": {
          "ViciOne.Core.Runtime": "1.0.0"
        }
      },
      "ViciOne.ManagedEngine.Serialization": {
        "type": "Transitive",
        "resolved": "1.0.0",
        "contentHash": "8ZwPSnqDn3lZODdhK2/7Qe54yNEWt3XIxmVDAd5IK86+OjsU3gSCcZdMOo1Zq2aqWja4KtlSzgvj3hQfMqiisQ=="
      },
      "ViciOne.Serialization.Json": {
        "type": "Transitive",
        "resolved": "1.0.0",
        "contentHash": "6txx7nQFY0+8NAlP3XxYP7NUwCf2ttzybI1/22XKQ+3WQpnEjWt12wxg+8zN5c9rTOIE1kzKe8XQTLzbZNKRBw==",
        "dependencies": {
          "Newtonsoft.Json": "13.0.4"
        }
      },
      "ViciOne.Suite.DataCollectionWizard.Public": {
        "type": "Project",
        "dependencies": {
          "ViciOne.Driver.IoTCore.Contracts": "[2.0.0, )",
          "ViciOne.Suite.Sdk": "[2.0.0-ci2451533346, )"
        }
      }
    },
    "net10.0/linux-arm64": {},
    "net10.0/linux-x64": {},
    "net10.0/win-x64": {}
  }
}