{
  "version": 2,
  "dependencies": {
    "net9.0": {
      "ViciOne.CodeAnalysis": {
        "type": "Direct",
        "requested": "[1.2.1, )",
        "resolved": "1.2.1",
        "contentHash": "QLRj/dBscAqmCoRFL45bjIHfpx5F5sjC5JVo+vOxIHG3rW+jaYDO9TSAcPEABxd+GMl0JkOHDiWdhrgLIG3QjQ=="
      },
      "ViciOne.Driver.IoTCore.Contracts": {
        "type": "Direct",
        "requested": "[1.21.0, )",
        "resolved": "1.21.0",
        "contentHash": "CoVcmC26njAHfYjIxe1wQgdiNUlyXC/R58yC5MENbuP3fGZoAGLlWxPjFahRbum3liQ9UHGRBFkzt8Q/XM8npQ=="
      },
      "ViciOne.Suite.Sdk": {
        "type": "Direct",
        "requested": "[1.1.0, )",
        "resolved": "1.1.0",
        "contentHash": "d2cXzhDLq7dUU3cegdCevkpqy8I+rZht+aXj4K+vD1xWx0wG1OHjDMG7QX2BpYUVsqw1x8eRa3Hx1t3L6mj0+A==",
        "dependencies": {
          "MassTransit.Abstractions": "8.5.7",
          "Microsoft.AspNetCore.Authorization": "9.0.11",
          "Microsoft.Extensions.Diagnostics.HealthChecks.Abstractions": "9.0.11",
          "ViciOne.CodeAnalysis.MustCallBase": "1.4.0"
        }
      },
      "MassTransit.Abstractions": {
        "type": "Transitive",
        "resolved": "8.5.7",
        "contentHash": "HdS4nzARrW34F+ftZpfykSEwmvEFD8Z+lRulwakt0YU9xg4IE3bUmbls15vuOxfC2YDtcr7y3+SQYzXx6fG/vA=="
      },
      "Microsoft.AspNetCore.Authorization": {
        "type": "Transitive",
        "resolved": "9.0.11",
        "contentHash": "VtzQJnpvemh+n4jjMJR+XWiupCWu+Em822orJIFF9jXRfrJET1fBTo6yWqNFnQQKqtvQ3E4Vrjq0N/bHdZR25w==",
        "dependencies": {
          "Microsoft.AspNetCore.Metadata": "9.0.11",
          "Microsoft.Extensions.Logging.Abstractions": "9.0.11",
          "Microsoft.Extensions.Options": "9.0.11"
        }
      },
      "Microsoft.AspNetCore.Metadata": {
        "type": "Transitive",
        "resolved": "9.0.11",
        "contentHash": "O0HzG5utNH6ihO632k0nHFZa8iNDmGphdgWWqeDSdN/T9n0ZOXlA5+q77DxY3nHTjNfA0KMfpykIhEI+Wmzosg=="
      },
      "Microsoft.Extensions.DependencyInjection.Abstractions": {
        "type": "Transitive",
        "resolved": "9.0.11",
        "contentHash": "+ZxxZzcVU+IEzq12GItUzf/V3mEc5nSLiXijwvDc4zyhbjvSZZ043giSZqGnhakrjwRWjkerIHPrRwm9okEIpw=="
      },
      "Microsoft.Extensions.Diagnostics.HealthChecks.Abstractions": {
        "type": "Transitive",
        "resolved": "9.0.11",
        "contentHash": "WVhhxc6gaEfAge3yqNBtbuOaDpFTu+C7vztG9j/6EOwZ4qBx8YGNgz7Zvdcfm06PvihbDae1ZKiZA3JbNqQGRQ=="
      },
      "Microsoft.Extensions.Logging.Abstractions": {
        "type": "Transitive",
        "resolved": "9.0.11",
        "contentHash": "UKWFTDwtZQIoypyt1YPVsxTnDK+0sKn26+UeSGeNlkRQddrkt9EC6kP4g94rgO/WOZkz94bKNlF1dVZN3QfPFQ==",
        "dependencies": {
          "Microsoft.Extensions.DependencyInjection.Abstractions": "9.0.11"
        }
      },
      "Microsoft.Extensions.Options": {
        "type": "Transitive",
        "resolved": "9.0.11",
        "contentHash": "HX4M3BLkW1dtByMKHDVq6r7Jy6e4hf8NDzHpIgz7C8BtYk9JQHhfYX5c1UheQTD5Veg1yBhz/cD9C8vtrGrk9w==",
        "dependencies": {
          "Microsoft.Extensions.DependencyInjection.Abstractions": "9.0.11",
          "Microsoft.Extensions.Primitives": "9.0.11"
        }
      },
      "Microsoft.Extensions.Primitives": {
        "type": "Transitive",
        "resolved": "9.0.11",
        "contentHash": "rtUNSIhbQTv8iSBTFvtg2b/ZUkoqC9qAH9DdC2hr+xPpoZrxiCITci9UR/ELUGUGnGUrF8Xye+tGVRhCxE+4LA=="
      },
      "ViciOne.CodeAnalysis.MustCallBase": {
        "type": "Transitive",
        "resolved": "1.4.0",
        "contentHash": "yZU6IkrxQHRm2Q2XPmEDMAAk+A5aRkVAt+arC9TxXgkRnxmsSrsTBTRw/TevnE/IzMI60EzezFGPxYMo/arQ7g=="
      }
    },
    "net9.0/linux-arm64": {},
    "net9.0/linux-x64": {},
    "net9.0/win-x64": {}
  }
}