{
  "version": 2,
  "dependencies": {
    "net10.0": {
      "ViciOne.CodeAnalysis": {
        "type": "Direct",
        "requested": "[1.6.0, )",
        "resolved": "1.6.0",
        "contentHash": "fDshyYU+Yz8rVfqXjLYPeELZTlTXz8/T+pJPHeWACsE/CyhcQ3ybo+AzZdIyzjxs9M4tzqK4wil2loy694aMAQ=="
      },
      "ViciOne.Driver.IoTCore.Contracts": {
        "type": "Direct",
        "requested": "[2.0.1, )",
        "resolved": "2.0.1",
        "contentHash": "eTAHCTRnPIBWQiXw9qm1idbA/nKfDKboxepqZorKPfOqaGmc9xDLd3/1GkVOcB4dbJnRMvVREU1FtS680zTNkA=="
      },
      "ViciOne.Suite.Sdk": {
        "type": "Direct",
        "requested": "[2.0.0, )",
        "resolved": "2.0.0",
        "contentHash": "ZROvOnpFhLwIeYPY4UrbEtYlU3qNHflcwL6FrXoraR5h9r6H4d4lJ13Up50IdZ135KXRVQTQJOpDeidtUiKPUQ==",
        "dependencies": {
          "MassTransit.Abstractions": "8.5.9",
          "Microsoft.AspNetCore.Authorization": "10.0.6",
          "Microsoft.Extensions.Diagnostics.HealthChecks.Abstractions": "10.0.6",
          "ViciOne.CodeAnalysis.MustCallBase": "1.6.0"
        }
      },
      "MassTransit.Abstractions": {
        "type": "Transitive",
        "resolved": "8.5.9",
        "contentHash": "osNYcFMNzMbwPG6x5zc9u5l0t43+uvlbVqjS99hSIaop8uWnABps7NRgqAUgWX30Zd00wKhDv1nBFRtPV6CFSw=="
      },
      "Microsoft.AspNetCore.Authorization": {
        "type": "Transitive",
        "resolved": "10.0.6",
        "contentHash": "SOQAX9+nxIi/nDFmEsWGpslZHg6hIDIQqCc8SrPuMOgLR46LUoyT8paAq1cC4LkydxF03SN7Mp2/UxR8u8kUAg==",
        "dependencies": {
          "Microsoft.AspNetCore.Metadata": "10.0.6",
          "Microsoft.Extensions.Diagnostics": "10.0.6",
          "Microsoft.Extensions.Logging.Abstractions": "10.0.6",
          "Microsoft.Extensions.Options": "10.0.6"
        }
      },
      "Microsoft.AspNetCore.Metadata": {
        "type": "Transitive",
        "resolved": "10.0.6",
        "contentHash": "Nk3SkfLYH/8E9woqOIO2TwGgVO7ksxxVb03iv4VvhaT4pGwOCnuNbYuK+8uRcHTvABayLdI49iSame+yd2M13Q=="
      },
      "Microsoft.Extensions.Configuration": {
        "type": "Transitive",
        "resolved": "10.0.6",
        "contentHash": "lYQ9S1FGXIWIU7243RimdAXQYsFDeLhSSZvbSDwbeI/kCzZ4MIYXpp3kMQ+bDJXwl9pzMRIYkd4f9zGqcYxfAQ==",
        "dependencies": {
          "Microsoft.Extensions.Configuration.Abstractions": "10.0.6",
          "Microsoft.Extensions.Primitives": "10.0.6"
        }
      },
      "Microsoft.Extensions.Configuration.Abstractions": {
        "type": "Transitive",
        "resolved": "10.0.6",
        "contentHash": "a7bA7IT3ngIgcOMb/2MVH5CcfSxUCeQ6QXWS1Vt6oFpzLTH3U1+J2Xtc64Uw3whX9akYG8eR/UQeEzxo64zZLg==",
        "dependencies": {
          "Microsoft.Extensions.Primitives": "10.0.6"
        }
      },
      "Microsoft.Extensions.Configuration.Binder": {
        "type": "Transitive",
        "resolved": "10.0.6",
        "contentHash": "h22Fm4VxRmr4ty9rxJaW0i51xD56Bl5QhQ2hsGY2vl+6FioWmBhkpg3B78XQaK25N+hE41gZLZuYKGQS+OGbdw==",
        "dependencies": {
          "Microsoft.Extensions.Configuration": "10.0.6",
          "Microsoft.Extensions.Configuration.Abstractions": "10.0.6"
        }
      },
      "Microsoft.Extensions.DependencyInjection.Abstractions": {
        "type": "Transitive",
        "resolved": "10.0.6",
        "contentHash": "w+dX4SIr1X9yegX2yX2dU1XtP4JAUVNdvOG/Evn+H+ndn96YzfIPX52FALXChrRNWFR9l77FQyg1mB7WQo6iOA=="
      },
      "Microsoft.Extensions.Diagnostics": {
        "type": "Transitive",
        "resolved": "10.0.6",
        "contentHash": "vbigpAOKX+Bbm2uJQ/AqXqONEPPB3ZYkynRT24vo5ZWF1rzKPtVjpkQkJx5qTGp2dqNV5In9QqboayqmKdvGUA==",
        "dependencies": {
          "Microsoft.Extensions.Configuration": "10.0.6",
          "Microsoft.Extensions.Diagnostics.Abstractions": "10.0.6",
          "Microsoft.Extensions.Options.ConfigurationExtensions": "10.0.6"
        }
      },
      "Microsoft.Extensions.Diagnostics.Abstractions": {
        "type": "Transitive",
        "resolved": "10.0.6",
        "contentHash": "L98Xe5C+xyKytLNLiEyQ0rcY8GNXAeAn1xKsE0YDxPx/mXBYYtRoj8pC2cnbSFQUlOzBkyO90ivMSV22SRETFg==",
        "dependencies": {
          "Microsoft.Extensions.DependencyInjection.Abstractions": "10.0.6",
          "Microsoft.Extensions.Options": "10.0.6"
        }
      },
      "Microsoft.Extensions.Diagnostics.HealthChecks.Abstractions": {
        "type": "Transitive",
        "resolved": "10.0.6",
        "contentHash": "ChhUF6HVSz9DwBgTyHtWbGzH8kWMbEFS7gqrqBnZQhHJFFK7L1k5BX7UCiIHiCap5HEDS6bZYks79JK4c+H0GQ=="
      },
      "Microsoft.Extensions.Logging.Abstractions": {
        "type": "Transitive",
        "resolved": "10.0.6",
        "contentHash": "1YgBO3wAy0dlpQyVTKWBSPND/t0yZHsvd3shGpbeEwH8JSb2hnFI2pNFrOOUi/stsp+T/dqwqmRIGh47ibo9bw==",
        "dependencies": {
          "Microsoft.Extensions.DependencyInjection.Abstractions": "10.0.6"
        }
      },
      "Microsoft.Extensions.Options": {
        "type": "Transitive",
        "resolved": "10.0.6",
        "contentHash": "v5RTWm+3Gdub21ADJeRG5bunOOxutFNBZk6qGH6Az4L5nyRZoLe3Kse7jfAyUcdEoiKp72XpNw/wGR+9wP+MtQ==",
        "dependencies": {
          "Microsoft.Extensions.DependencyInjection.Abstractions": "10.0.6",
          "Microsoft.Extensions.Primitives": "10.0.6"
        }
      },
      "Microsoft.Extensions.Options.ConfigurationExtensions": {
        "type": "Transitive",
        "resolved": "10.0.6",
        "contentHash": "O7xt1vYMxku2+/WpFkh6X8RzUtYbKR+XCt0KOO0W9TbRbFeQdfb9Nry/CdVq57kOyOKS3Z4qD1xqV/8LpJQ0Xw==",
        "dependencies": {
          "Microsoft.Extensions.Configuration.Abstractions": "10.0.6",
          "Microsoft.Extensions.Configuration.Binder": "10.0.6",
          "Microsoft.Extensions.DependencyInjection.Abstractions": "10.0.6",
          "Microsoft.Extensions.Options": "10.0.6",
          "Microsoft.Extensions.Primitives": "10.0.6"
        }
      },
      "Microsoft.Extensions.Primitives": {
        "type": "Transitive",
        "resolved": "10.0.6",
        "contentHash": "L8P21mqaG+CXvPheLndean/cHCOcItJqH8nx+0YQnK7wAiOR0G1IOC418ZSzTMD2D6Gmo0f2M5WR70XtpX2B8g=="
      },
      "ViciOne.CodeAnalysis.MustCallBase": {
        "type": "Transitive",
        "resolved": "1.6.0",
        "contentHash": "PCe0xFAejg2FcxePPNribpB3vgh4RvOYgvLXnsbJP7cCe+w4BS63zSKoWXC1NzHEX0ZHEnPx6f3CuLjscgPF4g=="
      }
    },
    "net10.0/linux-arm64": {},
    "net10.0/linux-x64": {},
    "net10.0/win-x64": {}
  }
}