{
  "version": 2,
  "dependencies": {
    "net10.0": {
      "ViciOne.CodeAnalysis": {
        "type": "Direct",
        "requested": "[1.2.1, )",
        "resolved": "1.2.1",
        "contentHash": "QLRj/dBscAqmCoRFL45bjIHfpx5F5sjC5JVo+vOxIHG3rW+jaYDO9TSAcPEABxd+GMl0JkOHDiWdhrgLIG3QjQ=="
      },
      "ViciOne.Suite.Sdk.Backend": {
        "type": "Direct",
        "requested": "[1.1.0, )",
        "resolved": "1.1.0",
        "contentHash": "10PdSrjfnj68jkVYZBxZt1SxNVVdxt1xmCVgLDeWwpC9Ns42TzwHCZcHFJ2rYGoAIZ9RHmWkRCe/RQr8ar4mAw==",
        "dependencies": {
          "Microsoft.EntityFrameworkCore.Sqlite": "9.0.11",
          "Npgsql.EntityFrameworkCore.PostgreSQL": "9.0.4",
          "ViciOne.Suite.Sdk": "1.1.0"
        }
      },
      "FastCloner": {
        "type": "Transitive",
        "resolved": "3.3.10",
        "contentHash": "3Qw0IlWqsfNHep1ryRSW3J3mSz9fPOktHiinESThg9RVQTIH0FfVNoiDnSp7/byINOpSVUVAUuFAFqUxokm7BA=="
      },
      "MassTransit.Abstractions": {
        "type": "Transitive",
        "resolved": "8.5.7",
        "contentHash": "HdS4nzARrW34F+ftZpfykSEwmvEFD8Z+lRulwakt0YU9xg4IE3bUmbls15vuOxfC2YDtcr7y3+SQYzXx6fG/vA=="
      },
      "Microsoft.AspNetCore.Authorization": {
        "type": "Transitive",
        "resolved": "9.0.11",
        "contentHash": "VtzQJnpvemh+n4jjMJR+XWiupCWu+Em822orJIFF9jXRfrJET1fBTo6yWqNFnQQKqtvQ3E4Vrjq0N/bHdZR25w==",
        "dependencies": {
          "Microsoft.AspNetCore.Metadata": "9.0.11",
          "Microsoft.Extensions.Logging.Abstractions": "9.0.11",
          "Microsoft.Extensions.Options": "9.0.11"
        }
      },
      "Microsoft.AspNetCore.Metadata": {
        "type": "Transitive",
        "resolved": "9.0.11",
        "contentHash": "O0HzG5utNH6ihO632k0nHFZa8iNDmGphdgWWqeDSdN/T9n0ZOXlA5+q77DxY3nHTjNfA0KMfpykIhEI+Wmzosg=="
      },
      "Microsoft.Data.Sqlite.Core": {
        "type": "Transitive",
        "resolved": "9.0.11",
        "contentHash": "l0IFYa6sxJdlDDfMaw/fMNIoXyWnBx6w5fu7BsNaqU8sXLuotFzUjsutXosu/IPUyBOpO2GG3hLuPMLz/CwWTQ==",
        "dependencies": {
          "SQLitePCLRaw.core": "2.1.10"
        }
      },
      "Microsoft.EntityFrameworkCore": {
        "type": "Transitive",
        "resolved": "9.0.11",
        "contentHash": "lqqV6JEmVv8s0Y/25RnKtYZ6qL+Vz14wEsrBV1ubVUyzDGrOp+10XJ54HNuRLUzdvzVPR2uQ5li/CPrBj0kQHg==",
        "dependencies": {
          "Microsoft.EntityFrameworkCore.Abstractions": "9.0.11",
          "Microsoft.EntityFrameworkCore.Analyzers": "9.0.11",
          "Microsoft.Extensions.Caching.Memory": "9.0.11",
          "Microsoft.Extensions.Logging": "9.0.11"
        }
      },
      "Microsoft.EntityFrameworkCore.Abstractions": {
        "type": "Transitive",
        "resolved": "9.0.11",
        "contentHash": "MHcdHm7vF71MfqYC68Jx9YfDAjxcuClGBZJk5zcJDRhVO4HgX+QFsOqcAisKWb20aBeF0IN1YkSktnEUf/tmLQ=="
      },
      "Microsoft.EntityFrameworkCore.Analyzers": {
        "type": "Transitive",
        "resolved": "9.0.11",
        "contentHash": "ccEk88YkXXWV+s5ZS+27UoY5YUVzgx8mq7kl+e05+AgJPGLhtmpQL26LxqBV1StJZEl2KaL8BxzABvXTXBAkoQ=="
      },
      "Microsoft.EntityFrameworkCore.Relational": {
        "type": "Transitive",
        "resolved": "9.0.11",
        "contentHash": "b6A19xFuU2F92C7N70+HSjRcxwDHTYTdZ/1PyLpHmzXt35G6ugCVKTPS+YJVK1u5ArrDFGQNu+EI+UrSRgUwGA==",
        "dependencies": {
          "Microsoft.EntityFrameworkCore": "9.0.11",
          "Microsoft.Extensions.Caching.Memory": "9.0.11",
          "Microsoft.Extensions.Configuration.Abstractions": "9.0.11",
          "Microsoft.Extensions.Logging": "9.0.11"
        }
      },
      "Microsoft.EntityFrameworkCore.Sqlite": {
        "type": "Transitive",
        "resolved": "9.0.11",
        "contentHash": "mEmJMkMGpIB1J5gBTkbs4ximer2G+G/I8mO2unMjtimFo1XvV7+vTqUJ9ReEMMI/BGUFtIGifFUSy7QsqKUnRA==",
        "dependencies": {
          "Microsoft.EntityFrameworkCore.Sqlite.Core": "9.0.11",
          "Microsoft.Extensions.Caching.Memory": "9.0.11",
          "Microsoft.Extensions.Configuration.Abstractions": "9.0.11",
          "Microsoft.Extensions.DependencyModel": "9.0.11",
          "Microsoft.Extensions.Logging": "9.0.11",
          "SQLitePCLRaw.bundle_e_sqlite3": "2.1.10",
          "SQLitePCLRaw.core": "2.1.10"
        }
      },
      "Microsoft.EntityFrameworkCore.Sqlite.Core": {
        "type": "Transitive",
        "resolved": "9.0.11",
        "contentHash": "NNfHGXUZ+Ie3Wrzja9ar3hU3octv/fi4ELS6poG2Ncp4p1Kj2rgIhXRMK8zL2BjcNAnGQojhJkBKjEOmhJaIxA==",
        "dependencies": {
          "Microsoft.Data.Sqlite.Core": "9.0.11",
          "Microsoft.EntityFrameworkCore.Relational": "9.0.11",
          "Microsoft.Extensions.Caching.Memory": "9.0.11",
          "Microsoft.Extensions.Configuration.Abstractions": "9.0.11",
          "Microsoft.Extensions.DependencyModel": "9.0.11",
          "Microsoft.Extensions.Logging": "9.0.11",
          "SQLitePCLRaw.core": "2.1.10"
        }
      },
      "Microsoft.Extensions.Caching.Abstractions": {
        "type": "Transitive",
        "resolved": "9.0.11",
        "contentHash": "PRv1SPyrgl/ullMF6eKDuEULRkTc10fVcnWvzFhqIMDA3m5f91znKH9ZNsKZBgu4xVc4ulNt7TEXyyt0rdlB3g==",
        "dependencies": {
          "Microsoft.Extensions.Primitives": "9.0.11"
        }
      },
      "Microsoft.Extensions.Caching.Memory": {
        "type": "Transitive",
        "resolved": "9.0.11",
        "contentHash": "J77oUeVZXdMoiUiCPkL4v13KrNRuMQnSHHw78cTh/2ZidyiMFm8jhu49OUKvNydMUX8ZcuM5g8uohW18YaglMw==",
        "dependencies": {
          "Microsoft.Extensions.Caching.Abstractions": "9.0.11",
          "Microsoft.Extensions.DependencyInjection.Abstractions": "9.0.11",
          "Microsoft.Extensions.Logging.Abstractions": "9.0.11",
          "Microsoft.Extensions.Options": "9.0.11",
          "Microsoft.Extensions.Primitives": "9.0.11"
        }
      },
      "Microsoft.Extensions.Configuration.Abstractions": {
        "type": "Transitive",
        "resolved": "9.0.11",
        "contentHash": "g23//mPpMa33QdJkLujJICoCRbiLFpiQ4XbROG9JdeDI6/sM+qZPB2t5SmUWNM8GwY8dYW3NucxlZDFe8s3NAQ==",
        "dependencies": {
          "Microsoft.Extensions.Primitives": "9.0.11"
        }
      },
      "Microsoft.Extensions.DependencyInjection": {
        "type": "Transitive",
        "resolved": "9.0.11",
        "contentHash": "UquyDzvz0EneIQrrU67GJkIgynS+VD7t+RDtNv6VgKMOFrLBjldn6hzlXppGGecFMvAkMTqn4T8RYvzw7j7fQA==",
        "dependencies": {
          "Microsoft.Extensions.DependencyInjection.Abstractions": "9.0.11"
        }
      },
      "Microsoft.Extensions.DependencyInjection.Abstractions": {
        "type": "Transitive",
        "resolved": "9.0.11",
        "contentHash": "+ZxxZzcVU+IEzq12GItUzf/V3mEc5nSLiXijwvDc4zyhbjvSZZ043giSZqGnhakrjwRWjkerIHPrRwm9okEIpw=="
      },
      "Microsoft.Extensions.DependencyModel": {
        "type": "Transitive",
        "resolved": "9.0.11",
        "contentHash": "DaBLlKcD5AYFLEeX7M07Q0vWOEBd86KYXOb+5ZRdQ1jYtN39cJd6fftxdNbRazEYQc9QqsAZiqKb9ub0gA+q+Q=="
      },
      "Microsoft.Extensions.Diagnostics.HealthChecks.Abstractions": {
        "type": "Transitive",
        "resolved": "9.0.11",
        "contentHash": "WVhhxc6gaEfAge3yqNBtbuOaDpFTu+C7vztG9j/6EOwZ4qBx8YGNgz7Zvdcfm06PvihbDae1ZKiZA3JbNqQGRQ=="
      },
      "Microsoft.Extensions.Logging": {
        "type": "Transitive",
        "resolved": "9.0.11",
        "contentHash": "PVHYgMmMZFEE3PGpc7oZ9CnoyNonNyT5klrV9pNIzCPxL12FpQ7kNhliXAwowmtaDVBmKnG/1db6d7gqPwDj8g==",
        "dependencies": {
          "Microsoft.Extensions.DependencyInjection": "9.0.11",
          "Microsoft.Extensions.Logging.Abstractions": "9.0.11",
          "Microsoft.Extensions.Options": "9.0.11"
        }
      },
      "Microsoft.Extensions.Logging.Abstractions": {
        "type": "Transitive",
        "resolved": "9.0.11",
        "contentHash": "UKWFTDwtZQIoypyt1YPVsxTnDK+0sKn26+UeSGeNlkRQddrkt9EC6kP4g94rgO/WOZkz94bKNlF1dVZN3QfPFQ==",
        "dependencies": {
          "Microsoft.Extensions.DependencyInjection.Abstractions": "9.0.11"
        }
      },
      "Microsoft.Extensions.Options": {
        "type": "Transitive",
        "resolved": "9.0.11",
        "contentHash": "HX4M3BLkW1dtByMKHDVq6r7Jy6e4hf8NDzHpIgz7C8BtYk9JQHhfYX5c1UheQTD5Veg1yBhz/cD9C8vtrGrk9w==",
        "dependencies": {
          "Microsoft.Extensions.DependencyInjection.Abstractions": "9.0.11",
          "Microsoft.Extensions.Primitives": "9.0.11"
        }
      },
      "Microsoft.Extensions.Primitives": {
        "type": "Transitive",
        "resolved": "9.0.11",
        "contentHash": "rtUNSIhbQTv8iSBTFvtg2b/ZUkoqC9qAH9DdC2hr+xPpoZrxiCITci9UR/ELUGUGnGUrF8Xye+tGVRhCxE+4LA=="
      },
      "Newtonsoft.Json": {
        "type": "Transitive",
        "resolved": "13.0.3",
        "contentHash": "HrC5BXdl00IP9zeV+0Z848QWPAoCr9P3bDEZguI+gkLcBKAOxix/tLEAAHC+UvDNPv4a2d18lOReHMOagPa+zQ=="
      },
      "Npgsql": {
        "type": "Transitive",
        "resolved": "9.0.3",
        "contentHash": "tPvY61CxOAWxNsKLEBg+oR646X4Bc8UmyQ/tJszL/7mEmIXQnnBhVJZrZEEUv0Bstu0mEsHZD5At3EO8zQRAYw==",
        "dependencies": {
          "Microsoft.Extensions.Logging.Abstractions": "8.0.2"
        }
      },
      "Npgsql.EntityFrameworkCore.PostgreSQL": {
        "type": "Transitive",
        "resolved": "9.0.4",
        "contentHash": "mw5vcY2IEc7L+IeGrxpp/J5OSnCcjkjAgJYCm/eD52wpZze8zsSifdqV7zXslSMmfJG2iIUGZyo3KuDtEFKwMQ==",
        "dependencies": {
          "Microsoft.EntityFrameworkCore": "[9.0.1, 10.0.0)",
          "Microsoft.EntityFrameworkCore.Relational": "[9.0.1, 10.0.0)",
          "Npgsql": "9.0.3"
        }
      },
      "SQLitePCLRaw.bundle_e_sqlite3": {
        "type": "Transitive",
        "resolved": "2.1.10",
        "contentHash": "UxWuisvZ3uVcVOLJQv7urM/JiQH+v3TmaJc1BLKl5Dxfm/nTzTUrqswCqg/INiYLi61AXnHo1M1JPmPqqLnAdg==",
        "dependencies": {
          "SQLitePCLRaw.lib.e_sqlite3": "2.1.10",
          "SQLitePCLRaw.provider.e_sqlite3": "2.1.10"
        }
      },
      "SQLitePCLRaw.core": {
        "type": "Transitive",
        "resolved": "2.1.10",
        "contentHash": "Ii8JCbC7oiVclaE/mbDEK000EFIJ+ShRPwAvvV89GOZhQ+ZLtlnSWl6ksCNMKu/VGXA4Nfi2B7LhN/QFN9oBcw=="
      },
      "SQLitePCLRaw.lib.e_sqlite3": {
        "type": "Transitive",
        "resolved": "2.1.10",
        "contentHash": "mAr69tDbnf3QJpRy2nJz8Qdpebdil00fvycyByR58Cn9eARvR+UiG2Vzsp+4q1tV3ikwiYIjlXCQFc12GfebbA=="
      },
      "SQLitePCLRaw.provider.e_sqlite3": {
        "type": "Transitive",
        "resolved": "2.1.10",
        "contentHash": "uZVTi02C1SxqzgT0HqTWatIbWGb40iIkfc3FpFCpE/r7g6K0PqzDUeefL6P6HPhDtc6BacN3yQysfzP7ks+wSQ==",
        "dependencies": {
          "SQLitePCLRaw.core": "2.1.10"
        }
      },
      "ViciOne.Cluster.Model": {
        "type": "Transitive",
        "resolved": "0.11.0",
        "contentHash": "pQIf9/9xdSYbS7tn3ldlOzyWfm7BhwMkQbbIYUdsg6gxkwjF0Nynp0L+RBkM9tE/5VXYSezjBxh0fZPJfFxFcA==",
        "dependencies": {
          "ViciOne.Core.Contracts": "0.51.0",
          "ViciOne.ManagedEngine.Serialization": "0.61.0",
          "ViciOne.Serialization.Json": "0.51.0"
        }
      },
      "ViciOne.CodeAnalysis.MustCallBase": {
        "type": "Transitive",
        "resolved": "1.4.0",
        "contentHash": "yZU6IkrxQHRm2Q2XPmEDMAAk+A5aRkVAt+arC9TxXgkRnxmsSrsTBTRw/TevnE/IzMI60EzezFGPxYMo/arQ7g=="
      },
      "ViciOne.Core.Contracts": {
        "type": "Transitive",
        "resolved": "0.51.0",
        "contentHash": "3uyq+x3QvdmzgGgep1Z8rUKv+s8fh/Em5RQL3hOquk+WDi9/Y48s7TuErEnPkAAzJN7zaK8NE/dIe4Qxi47U1A==",
        "dependencies": {
          "Microsoft.Extensions.Logging.Abstractions": "9.0.7"
        }
      },
      "ViciOne.Core.Dataflow": {
        "type": "Transitive",
        "resolved": "0.51.0",
        "contentHash": "eAgYzt5rzNYkDuq0dleev7s05quV+U2/1wCG/pm3MFfHFBOItRODO7vui0a8HDNm0IOag3q67tPP2yblfbBgzQ==",
        "dependencies": {
          "FastCloner": "3.3.10",
          "ViciOne.Core.Contracts": "0.51.0"
        }
      },
      "ViciOne.Core.Runtime": {
        "type": "Transitive",
        "resolved": "0.51.0",
        "contentHash": "Fx/lbcNJBM1fFWhHQse0FBJEca7b+wrY52HyR6xNASAol7adkITrXkPD1g8k+7zUoVff/fXlcdb33Z6+ytzloQ==",
        "dependencies": {
          "ViciOne.Core.Contracts": "0.51.0"
        }
      },
      "ViciOne.Engine.DefaultPoolings": {
        "type": "Transitive",
        "resolved": "0.51.0",
        "contentHash": "Kr0ukLNz3IP7NaF5NN3TGpwcdM0gkmZoXSwaOQ38nIc4n46e9yFiDFaVN2P2PVx88BUhy7O5d2qTk2Cg6nfaWQ==",
        "dependencies": {
          "ViciOne.Core.Runtime": "0.51.0"
        }
      },
      "ViciOne.ManagedEngine.Serialization": {
        "type": "Transitive",
        "resolved": "0.61.0",
        "contentHash": "bxoRgDT97ay8oKYZbolOG+SI4HsKNmU+c3s8x+cfRHqAyIfXyXIr+wo1si52l8q70OJ2vRU6IzpgehOvKARzBg=="
      },
      "ViciOne.Serialization.Json": {
        "type": "Transitive",
        "resolved": "0.51.0",
        "contentHash": "WtsPTyb9caYmbBYi/Vht88ctExv5rqXduF1DuD0Zvd1gVaaAFYLG6TDfOnNdFHzwOhvBe7rXoz4ShEQG/HUl3Q==",
        "dependencies": {
          "Newtonsoft.Json": "13.0.3"
        }
      },
      "ViciOne.Suite.DataCollectionWizard.Internal": {
        "type": "Project",
        "dependencies": {
          "ViciOne.Cluster.Builder": "[0.11.0, )",
          "ViciOne.Driver.IoTCore.Contracts": "[1.21.0, )",
          "ViciOne.Suite.ClusterManagement.Public": "[1.4.0, )",
          "ViciOne.Suite.DataCollectionWizard.Public": "[1.4.2, )",
          "ViciOne.Suite.DataPort.Anna.Contracts": "[0.38.0, )",
          "ViciOne.Suite.Sdk": "[1.1.0, )"
        }
      },
      "ViciOne.Suite.DataCollectionWizard.Public": {
        "type": "Project",
        "dependencies": {
          "ViciOne.Driver.IoTCore.Contracts": "[1.21.0, )",
          "ViciOne.Suite.Sdk": "[1.1.0, )"
        }
      },
      "ViciOne.Cluster.Builder": {
        "type": "CentralTransitive",
        "requested": "[0.11.0, )",
        "resolved": "0.11.0",
        "contentHash": "5L6bjq+pIgoD+c5+wvVmX+/poMJLW7+n/geMOjVIlgIEKvLPXWHTnsbpZL6Gpyo9yrkF3eMAjoQs4Fx8HQO/4w==",
        "dependencies": {
          "ViciOne.Cluster.Model": "0.11.0",
          "ViciOne.Core.Dataflow": "0.51.0",
          "ViciOne.Engine.DefaultPoolings": "0.51.0"
        }
      },
      "ViciOne.Driver.IoTCore.Contracts": {
        "type": "CentralTransitive",
        "requested": "[1.21.0, )",
        "resolved": "1.21.0",
        "contentHash": "CoVcmC26njAHfYjIxe1wQgdiNUlyXC/R58yC5MENbuP3fGZoAGLlWxPjFahRbum3liQ9UHGRBFkzt8Q/XM8npQ=="
      },
      "ViciOne.Suite.ClusterManagement.Public": {
        "type": "CentralTransitive",
        "requested": "[1.4.0, )",
        "resolved": "1.4.0",
        "contentHash": "Ht9ch74ktP/XsiE2ClKk4j80UbWmm96TFcxY8V0X3nPvUksSfO211KMBgFS60BFuCuVFUCaILgoTKdkKmvWiQw==",
        "dependencies": {
          "ViciOne.Cluster.Builder": "0.11.0",
          "ViciOne.Suite.Sdk": "1.1.0"
        }
      },
      "ViciOne.Suite.DataPort.Anna.Contracts": {
        "type": "CentralTransitive",
        "requested": "[0.38.0, )",
        "resolved": "0.38.0",
        "contentHash": "xcmYf+90vVn3hJFfTk/1cJs7C1MZvDKaXdrdIbpP7Of9GuirYYwWDfy424hvI4i+CnFDIp8e/ikhc76RCOfEQQ=="
      },
      "ViciOne.Suite.Sdk": {
        "type": "CentralTransitive",
        "requested": "[1.1.0, )",
        "resolved": "1.1.0",
        "contentHash": "d2cXzhDLq7dUU3cegdCevkpqy8I+rZht+aXj4K+vD1xWx0wG1OHjDMG7QX2BpYUVsqw1x8eRa3Hx1t3L6mj0+A==",
        "dependencies": {
          "MassTransit.Abstractions": "8.5.7",
          "Microsoft.AspNetCore.Authorization": "9.0.11",
          "Microsoft.Extensions.Diagnostics.HealthChecks.Abstractions": "9.0.11",
          "ViciOne.CodeAnalysis.MustCallBase": "1.4.0"
        }
      }
    },
    "net10.0/linux-arm64": {
      "SQLitePCLRaw.lib.e_sqlite3": {
        "type": "Transitive",
        "resolved": "2.1.10",
        "contentHash": "mAr69tDbnf3QJpRy2nJz8Qdpebdil00fvycyByR58Cn9eARvR+UiG2Vzsp+4q1tV3ikwiYIjlXCQFc12GfebbA=="
      }
    },
    "net10.0/linux-x64": {
      "SQLitePCLRaw.lib.e_sqlite3": {
        "type": "Transitive",
        "resolved": "2.1.10",
        "contentHash": "mAr69tDbnf3QJpRy2nJz8Qdpebdil00fvycyByR58Cn9eARvR+UiG2Vzsp+4q1tV3ikwiYIjlXCQFc12GfebbA=="
      }
    },
    "net10.0/win-x64": {
      "SQLitePCLRaw.lib.e_sqlite3": {
        "type": "Transitive",
        "resolved": "2.1.10",
        "contentHash": "mAr69tDbnf3QJpRy2nJz8Qdpebdil00fvycyByR58Cn9eARvR+UiG2Vzsp+4q1tV3ikwiYIjlXCQFc12GfebbA=="
      }
    }
  }
}