{
  "version": 2,
  "dependencies": {
    "net10.0": {
      "coverlet.collector": {
        "type": "Direct",
        "requested": "[6.0.4, )",
        "resolved": "6.0.4",
        "contentHash": "lkhqpF8Pu2Y7IiN7OntbsTtdbpR1syMsm2F3IgX6ootA4ffRqWL5jF7XipHuZQTdVuWG/gVAAcf8mjk8Tz0xPg=="
      },
      "FastDeepCloner": {
        "type": "Direct",
        "requested": "[1.3.6, )",
        "resolved": "1.3.6",
        "contentHash": "4WDjv/Wxc+uj0P2asasuGQakdY7QhwLVZxpNDzSoUNIo+XjIIR7PAdHbgyweP/dlkjJpYBSnAOQuNjG5Az+nWg=="
      },
      "Microsoft.NET.Test.Sdk": {
        "type": "Direct",
        "requested": "[18.3.0, )",
        "resolved": "18.3.0",
        "contentHash": "xW3kXuWRQtgoxJp4J+gdhHSQyK+6Wb/AZDSd7lMvuMRYlZ1tnpkojyfZlWilB5G4dmZ0Y0ZxU/M23TlubndNkw==",
        "dependencies": {
          "Microsoft.CodeCoverage": "18.3.0",
          "Microsoft.TestPlatform.TestHost": "18.3.0"
        }
      },
      "ViciOne.CodeAnalysis": {
        "type": "Direct",
        "requested": "[1.2.1, )",
        "resolved": "1.2.1",
        "contentHash": "QLRj/dBscAqmCoRFL45bjIHfpx5F5sjC5JVo+vOxIHG3rW+jaYDO9TSAcPEABxd+GMl0JkOHDiWdhrgLIG3QjQ=="
      },
      "xunit.runner.visualstudio": {
        "type": "Direct",
        "requested": "[3.1.5, )",
        "resolved": "3.1.5",
        "contentHash": "tKi7dSTwP4m5m9eXPM2Ime4Kn7xNf4x4zT9sdLO/G4hZVnQCRiMTWoSZqI/pYTVeI27oPPqHBKYI/DjJ9GsYgA=="
      },
      "xunit.v3": {
        "type": "Direct",
        "requested": "[3.2.2, )",
        "resolved": "3.2.2",
        "contentHash": "L+4/4y0Uqcg8/d6hfnxhnwh4j9FaeULvefTwrk30rr1o4n/vdPfyUQ8k0yzH8VJx7bmFEkDdcRfbtbjEHlaYcA==",
        "dependencies": {
          "xunit.v3.mtp-v1": "[3.2.2]"
        }
      },
      "FastCloner": {
        "type": "Transitive",
        "resolved": "3.4.7",
        "contentHash": "30wSSPo5ut//D6VZH1HfugVZBAmXxaoF7/oDPiAOKAOp+50C63KJ2dhtja4CeQd68ZqiYJoxNcigJPARieWiJg=="
      },
      "MassTransit.Abstractions": {
        "type": "Transitive",
        "resolved": "8.5.8",
        "contentHash": "f1XJz88+JZNLl1iHWSGNoD91ownowoP4Vl+2DmVM7ljAxQebvolVKdlyY+iZBSdODCeyLGCcM9jrfZXWkDHtow=="
      },
      "Microsoft.ApplicationInsights": {
        "type": "Transitive",
        "resolved": "2.23.0",
        "contentHash": "nWArUZTdU7iqZLycLKWe0TDms48KKGE6pONH2terYNa8REXiqixrMOkf1sk5DHGMaUTqONU2YkS4SAXBhLStgw=="
      },
      "Microsoft.AspNetCore.Authorization": {
        "type": "Transitive",
        "resolved": "10.0.5",
        "contentHash": "NbFi4wN6fUvZK4AKmixpfx0IvqtVimKEn8ZX28LkzZBVo09YnLbyRrJ1001IVQDLbV+aYpS/cLhVJu5JD0rY5A==",
        "dependencies": {
          "Microsoft.AspNetCore.Metadata": "10.0.5",
          "Microsoft.Extensions.Diagnostics": "10.0.5",
          "Microsoft.Extensions.Logging.Abstractions": "10.0.5",
          "Microsoft.Extensions.Options": "10.0.5"
        }
      },
      "Microsoft.AspNetCore.Metadata": {
        "type": "Transitive",
        "resolved": "10.0.5",
        "contentHash": "nXVB1K4RzyhDHKYWLiq3+aJopJZKO5ojFqHV9PZ74fe4VWM/8itoouqsd2KIqSooIwQ13UDNlPQfN2rWr7hc2A=="
      },
      "Microsoft.Bcl.AsyncInterfaces": {
        "type": "Transitive",
        "resolved": "6.0.0",
        "contentHash": "UcSjPsst+DfAdJGVDsu346FX0ci0ah+lw3WRtn18NUwEqRt70HaOQ7lI72vy3+1LxtqI3T5GWwV39rQSrCzAeg=="
      },
      "Microsoft.CodeCoverage": {
        "type": "Transitive",
        "resolved": "18.3.0",
        "contentHash": "23BNy/vziREC20Wwhb50K7+kZe0m07KlLWDQv4qjJ9tt3QjpDpDIqJFrhYHmMEo9xDkuSp55U/8h4bMF7MiB+g=="
      },
      "Microsoft.Extensions.Configuration": {
        "type": "Transitive",
        "resolved": "10.0.5",
        "contentHash": "8Rx5sqg04FttxrumyG6bmoRuFRgYzK6IVwF1i0/o0cXfKBdDeVpJejKHtJCMjyg9E/DNMVqpqOGe/tCT5gYvVA==",
        "dependencies": {
          "Microsoft.Extensions.Configuration.Abstractions": "10.0.5",
          "Microsoft.Extensions.Primitives": "10.0.5"
        }
      },
      "Microsoft.Extensions.Configuration.Abstractions": {
        "type": "Transitive",
        "resolved": "10.0.5",
        "contentHash": "P09QpTHjqHmCLQOTC+WyLkoRNxek4NIvfWt+TnU0etoDUSRxcltyd6+j/ouRbMdLR0j44GqGO+lhI2M4fAHG4g==",
        "dependencies": {
          "Microsoft.Extensions.Primitives": "10.0.5"
        }
      },
      "Microsoft.Extensions.Configuration.Binder": {
        "type": "Transitive",
        "resolved": "10.0.5",
        "contentHash": "99Z4rjyXopb1MIazDSPcvwYCUdYNO01Cf1GUs2WUjIFAbkGmwzj2vPa2k+3pheJRV+YgNd2QqRKHAri0oBAU4Q==",
        "dependencies": {
          "Microsoft.Extensions.Configuration": "10.0.5",
          "Microsoft.Extensions.Configuration.Abstractions": "10.0.5"
        }
      },
      "Microsoft.Extensions.DependencyInjection.Abstractions": {
        "type": "Transitive",
        "resolved": "10.0.5",
        "contentHash": "iVMtq9eRvzyhx8949EGT0OCYJfXi737SbRVzWXE5GrOgGj5AaZ9eUuxA/BSUfmOMALKn/g8KfFaNQw0eiB3lyA=="
      },
      "Microsoft.Extensions.Diagnostics": {
        "type": "Transitive",
        "resolved": "10.0.5",
        "contentHash": "vAJHd4yOpmKoK+jBuYV7a3y+Ab9U4ARCc29b6qvMy276RgJFw9LFs0DdsPqOL3ahwzyrX7tM+i4cCxU/RX0qAg==",
        "dependencies": {
          "Microsoft.Extensions.Configuration": "10.0.5",
          "Microsoft.Extensions.Diagnostics.Abstractions": "10.0.5",
          "Microsoft.Extensions.Options.ConfigurationExtensions": "10.0.5"
        }
      },
      "Microsoft.Extensions.Diagnostics.Abstractions": {
        "type": "Transitive",
        "resolved": "10.0.5",
        "contentHash": "/nYGrpa9/0BZofrVpBbbj+Ns8ZesiPE0V/KxsuHgDgHQopIzN54nRaQGSuvPw16/kI9sW1Zox5yyAPqvf0Jz6A==",
        "dependencies": {
          "Microsoft.Extensions.DependencyInjection.Abstractions": "10.0.5",
          "Microsoft.Extensions.Options": "10.0.5"
        }
      },
      "Microsoft.Extensions.Diagnostics.HealthChecks.Abstractions": {
        "type": "Transitive",
        "resolved": "10.0.5",
        "contentHash": "NrIMTy7dpqxAvA6kHAYH8cXID/YgeNOy0OqFKpLtkPu5X4WS/basX91UszANzVrMNRAICJ2GOnGiRxJtsRyEQw=="
      },
      "Microsoft.Extensions.Logging.Abstractions": {
        "type": "Transitive",
        "resolved": "10.0.5",
        "contentHash": "9HOdqlDtPptVcmKAjsQ/Nr5Rxfq6FMYLdhvZh1lVmeKR738qeYecQD7+ldooXf+u2KzzR1kafSphWngIM3C6ug==",
        "dependencies": {
          "Microsoft.Extensions.DependencyInjection.Abstractions": "10.0.5"
        }
      },
      "Microsoft.Extensions.Options": {
        "type": "Transitive",
        "resolved": "10.0.5",
        "contentHash": "MDaQMdUplw0AIRhWWmbLA7yQEXaLIHb+9CTroTiNS8OlI0LMXS4LCxtopqauiqGCWlRgJ+xyraVD8t6veRAFbw==",
        "dependencies": {
          "Microsoft.Extensions.DependencyInjection.Abstractions": "10.0.5",
          "Microsoft.Extensions.Primitives": "10.0.5"
        }
      },
      "Microsoft.Extensions.Options.ConfigurationExtensions": {
        "type": "Transitive",
        "resolved": "10.0.5",
        "contentHash": "BB9uUW3+6Rxu1R97OB1H/13lUF8P2+H1+eDhpZlK30kDh/6E4EKHBUqTp+ilXQmZLzsRErxON8aBSR6WpUKJdg==",
        "dependencies": {
          "Microsoft.Extensions.Configuration.Abstractions": "10.0.5",
          "Microsoft.Extensions.Configuration.Binder": "10.0.5",
          "Microsoft.Extensions.DependencyInjection.Abstractions": "10.0.5",
          "Microsoft.Extensions.Options": "10.0.5",
          "Microsoft.Extensions.Primitives": "10.0.5"
        }
      },
      "Microsoft.Extensions.Primitives": {
        "type": "Transitive",
        "resolved": "10.0.5",
        "contentHash": "/HUHJ0tw/LQvD0DZrz50eQy/3z7PfX7WWEaXnjKTV9/TNdcgFlNTZGo49QhS7PTmhDqMyHRMqAXSBxLh0vso4g=="
      },
      "Microsoft.Testing.Extensions.Telemetry": {
        "type": "Transitive",
        "resolved": "1.9.1",
        "contentHash": "No5AudZMmSb+uNXjlgL2y3/stHD2IT4uxqc5yHwkE+/nNux9jbKcaJMvcp9SwgP4DVD8L9/P3OUz8mmmcvEIdQ==",
        "dependencies": {
          "Microsoft.ApplicationInsights": "2.23.0",
          "Microsoft.Testing.Platform": "1.9.1"
        }
      },
      "Microsoft.Testing.Extensions.TrxReport.Abstractions": {
        "type": "Transitive",
        "resolved": "1.9.1",
        "contentHash": "AL46Xe1WBi85Ntd4mNPvat5ZSsZ2uejiVqoKCypr8J3wK0elA5xJ3AN4G/Q4GIwzUFnggZoH/DBjnr9J18IO/g==",
        "dependencies": {
          "Microsoft.Testing.Platform": "1.9.1"
        }
      },
      "Microsoft.Testing.Platform": {
        "type": "Transitive",
        "resolved": "1.9.1",
        "contentHash": "QafNtNSmEI0zazdebnsIkDKmFtTSpmx/5PLOjURWwozcPb3tvRxzosQSL8xwYNM1iPhhKiBksXZyRSE2COisrA=="
      },
      "Microsoft.Testing.Platform.MSBuild": {
        "type": "Transitive",
        "resolved": "1.9.1",
        "contentHash": "oTUtyR4X/s9ytuiNA29FGsNCCH0rNmY5Wdm14NCKLjTM1cT9edVSlA+rGS/mVmusPqcP0l/x9qOnMXg16v87RQ==",
        "dependencies": {
          "Microsoft.Testing.Platform": "1.9.1"
        }
      },
      "Microsoft.TestPlatform.ObjectModel": {
        "type": "Transitive",
        "resolved": "18.3.0",
        "contentHash": "AEIEX2aWdPO9XbtR96eBaJxmXRD9vaI9uQ1T/JbPEKlTAZwYx0ZrMzKyULMdh/HH9Sg03kXCoN7LszQ90o6nPQ=="
      },
      "Microsoft.TestPlatform.TestHost": {
        "type": "Transitive",
        "resolved": "18.3.0",
        "contentHash": "twmsoelXnp1uWMU3VGip9f0Jr1mZ0PZqgJdF35CIrdYgYrkHIJMV1m8uKyhcdjLdsQDESHAgkR7KhS9i1qpJag==",
        "dependencies": {
          "Microsoft.TestPlatform.ObjectModel": "18.3.0",
          "Newtonsoft.Json": "13.0.3"
        }
      },
      "Microsoft.Win32.Registry": {
        "type": "Transitive",
        "resolved": "5.0.0",
        "contentHash": "dDoKi0PnDz31yAyETfRntsLArTlVAVzUzCIvvEDsDsucrl33Dl8pIJG06ePTJTI3tGpeyHS9Cq7Foc/s4EeKcg=="
      },
      "Newtonsoft.Json": {
        "type": "Transitive",
        "resolved": "13.0.4",
        "contentHash": "pdgNNMai3zv51W5aq268sujXUyx7SNdE2bj1wZcWjAQrKMFZV260lbqYop1d2GM67JI1huLRwxo9ZqnfF/lC6A=="
      },
      "ViciOne.Cluster.Model": {
        "type": "Transitive",
        "resolved": "1.0.0",
        "contentHash": "ljSWCLtPYlrzNhlgbVFP9XfU7/MTlOrNIQ+AIcAGLyFjEGTWv7tMpdFGjWbhAs8rNo8coGk2puXWUpimkqr6EQ==",
        "dependencies": {
          "ViciOne.Core.Contracts": "1.0.0",
          "ViciOne.ManagedEngine.Serialization": "1.0.0",
          "ViciOne.Serialization.Json": "1.0.0"
        }
      },
      "ViciOne.CodeAnalysis.MustCallBase": {
        "type": "Transitive",
        "resolved": "1.6.0",
        "contentHash": "PCe0xFAejg2FcxePPNribpB3vgh4RvOYgvLXnsbJP7cCe+w4BS63zSKoWXC1NzHEX0ZHEnPx6f3CuLjscgPF4g=="
      },
      "ViciOne.Core.Contracts": {
        "type": "Transitive",
        "resolved": "1.0.0",
        "contentHash": "AOr1PWoy5LCJWbb73E0+Gywh55DQFQLiJRUGZFEAknCQOZ07TuyiNxkb+f7mh/W+fyhgx1eehdN4H8L9i6s31g==",
        "dependencies": {
          "Microsoft.Extensions.Logging.Abstractions": "10.0.3"
        }
      },
      "ViciOne.Core.Dataflow": {
        "type": "Transitive",
        "resolved": "1.0.0",
        "contentHash": "+cXGZuamNOKQvbqCYKUSYttrz64qBaQHno/VXANMnOT6///jCE+rcJXqiuw3g6d5R71i7uNWtvknEJcUed5+0g==",
        "dependencies": {
          "FastCloner": "3.4.7",
          "ViciOne.Core.Contracts": "1.0.0"
        }
      },
      "ViciOne.Core.Runtime": {
        "type": "Transitive",
        "resolved": "1.0.0",
        "contentHash": "if/EBwinB6KOWxGugJj+zhctBhnKyYAFAXhGt2BOFYxPADUrXS2uC1C5Nwkodfz7JbFxmnF+iAXTioX0ap5f7A==",
        "dependencies": {
          "ViciOne.Core.Contracts": "1.0.0"
        }
      },
      "ViciOne.Engine.DefaultPoolings": {
        "type": "Transitive",
        "resolved": "1.0.0",
        "contentHash": "aKo2lnS28E2u0PkTZ+Tj3cZssIUN9Nk8b5xNVZ0AaeHoRDRIRtkTDLXgMRSCrVYJlpmzRRfmhkFQedi22nhr4w==",
        "dependencies": {
          "ViciOne.Core.Runtime": "1.0.0"
        }
      },
      "ViciOne.ManagedEngine.Serialization": {
        "type": "Transitive",
        "resolved": "1.0.0",
        "contentHash": "8ZwPSnqDn3lZODdhK2/7Qe54yNEWt3XIxmVDAd5IK86+OjsU3gSCcZdMOo1Zq2aqWja4KtlSzgvj3hQfMqiisQ=="
      },
      "ViciOne.Serialization.Json": {
        "type": "Transitive",
        "resolved": "1.0.0",
        "contentHash": "6txx7nQFY0+8NAlP3XxYP7NUwCf2ttzybI1/22XKQ+3WQpnEjWt12wxg+8zN5c9rTOIE1kzKe8XQTLzbZNKRBw==",
        "dependencies": {
          "Newtonsoft.Json": "13.0.4"
        }
      },
      "xunit.analyzers": {
        "type": "Transitive",
        "resolved": "1.27.0",
        "contentHash": "y/pxIQaLvk/kxAoDkZW9GnHLCEqzwl5TW0vtX3pweyQpjizB9y3DXhb9pkw2dGeUqhLjsxvvJM1k89JowU6z3g=="
      },
      "xunit.v3.assert": {
        "type": "Transitive",
        "resolved": "3.2.2",
        "contentHash": "BPciBghgEEaJN/JG00QfCYDfEfnLgQhfnYEy+j1izoeHVNYd5+3Wm8GJ6JgYysOhpBPYGE+sbf75JtrRc7jrdA=="
      },
      "xunit.v3.common": {
        "type": "Transitive",
        "resolved": "3.2.2",
        "contentHash": "Hj775PEH6GTbbg0wfKRvG2hNspDCvTH9irXhH4qIWgdrOSV1sQlqPie+DOvFeigsFg2fxSM3ZAaaCDQs+KreFA==",
        "dependencies": {
          "Microsoft.Bcl.AsyncInterfaces": "6.0.0"
        }
      },
      "xunit.v3.core.mtp-v1": {
        "type": "Transitive",
        "resolved": "3.2.2",
        "contentHash": "Ga5aA2Ca9ktz+5k3g5ukzwfexwoqwDUpV6z7atSEUvqtd6JuybU1XopHqg1oFd78QdTfZgZE9h5sHpO4qYIi5w==",
        "dependencies": {
          "Microsoft.Testing.Extensions.Telemetry": "1.9.1",
          "Microsoft.Testing.Extensions.TrxReport.Abstractions": "1.9.1",
          "Microsoft.Testing.Platform": "1.9.1",
          "Microsoft.Testing.Platform.MSBuild": "1.9.1",
          "xunit.v3.extensibility.core": "[3.2.2]",
          "xunit.v3.runner.inproc.console": "[3.2.2]"
        }
      },
      "xunit.v3.extensibility.core": {
        "type": "Transitive",
        "resolved": "3.2.2",
        "contentHash": "srY8z/oMPvh/t8axtO2DwrHajhFMH7tnqKildvYrVQIfICi8fOn3yIBWkVPAcrKmHMwvXRJ/XsQM3VMR6DOYfQ==",
        "dependencies": {
          "xunit.v3.common": "[3.2.2]"
        }
      },
      "xunit.v3.mtp-v1": {
        "type": "Transitive",
        "resolved": "3.2.2",
        "contentHash": "O41aAzYKBT5PWqATa1oEWVNCyEUypFQ4va6K0kz37dduV3EKzXNMaV2UnEhufzU4Cce1I33gg0oldS8tGL5I0A==",
        "dependencies": {
          "xunit.analyzers": "1.27.0",
          "xunit.v3.assert": "[3.2.2]",
          "xunit.v3.core.mtp-v1": "[3.2.2]"
        }
      },
      "xunit.v3.runner.common": {
        "type": "Transitive",
        "resolved": "3.2.2",
        "contentHash": "/hkHkQCzGrugelOAehprm7RIWdsUFVmIVaD6jDH/8DNGCymTlKKPTbGokD5czbAfqfex47mBP0sb0zbHYwrO/g==",
        "dependencies": {
          "Microsoft.Win32.Registry": "[5.0.0]",
          "xunit.v3.common": "[3.2.2]"
        }
      },
      "xunit.v3.runner.inproc.console": {
        "type": "Transitive",
        "resolved": "3.2.2",
        "contentHash": "ulWOdSvCk+bPXijJZ73bth9NyoOHsAs1ZOvamYbCkD4DNLX/Bd29Ve2ZNUwBbK0MqfIYWXHZViy/HKrdEC/izw==",
        "dependencies": {
          "xunit.v3.extensibility.core": "[3.2.2]",
          "xunit.v3.runner.common": "[3.2.2]"
        }
      },
      "ViciOne.Suite.DataCollectionWizard.Internal": {
        "type": "Project",
        "dependencies": {
          "ViciOne.Cluster.Builder": "[1.0.0, )",
          "ViciOne.Driver.IoTCore.Contracts": "[2.0.0-ci2336879852, )",
          "ViciOne.Suite.ClusterManagement.Public": "[2.0.0-ci2404472640, )",
          "ViciOne.Suite.DataCollectionWizard.Public": "[2.0.0, )",
          "ViciOne.Suite.DataPort.Anna.Contracts": "[0.38.0, )",
          "ViciOne.Suite.Sdk": "[2.0.0-ci2403435464, )"
        }
      },
      "ViciOne.Suite.DataCollectionWizard.Public": {
        "type": "Project",
        "dependencies": {
          "ViciOne.Driver.IoTCore.Contracts": "[2.0.0-ci2336879852, )",
          "ViciOne.Suite.Sdk": "[2.0.0-ci2403435464, )"
        }
      },
      "ViciOne.Cluster.Builder": {
        "type": "CentralTransitive",
        "requested": "[1.0.0, )",
        "resolved": "1.0.0",
        "contentHash": "GCcxOXTcePV3zIkVel6qYQ3px0TkV0k2cCet4mZ2FC3eKBZqE3rioLWn1Tybt2bH1KOSxTSSqz2K8gCdt07EPA==",
        "dependencies": {
          "ViciOne.Cluster.Model": "1.0.0",
          "ViciOne.Core.Dataflow": "1.0.0",
          "ViciOne.Engine.DefaultPoolings": "1.0.0"
        }
      },
      "ViciOne.Driver.IoTCore.Contracts": {
        "type": "CentralTransitive",
        "requested": "[2.0.0-ci2336879852, )",
        "resolved": "2.0.0-ci2336879852",
        "contentHash": "qOF4D6nITHCSd36AamymdDWhG89fKKfhl2+eDEjhCrzsCwBw9iN/Hzg+QTv4cjY7SWERWhQZZRjsuIxGmvd4qg=="
      },
      "ViciOne.Suite.ClusterManagement.Public": {
        "type": "CentralTransitive",
        "requested": "[2.0.0-ci2404472640, )",
        "resolved": "2.0.0-ci2404472640",
        "contentHash": "Hoxu0/XlkPcmwJnUsjFH4ztCRA3BdyVPc2fVU1217Rbtp8a+bRBnNlmK0gfTF8wkdQMSbmgFgsqEC+na3eGqUA==",
        "dependencies": {
          "ViciOne.Cluster.Builder": "1.0.0",
          "ViciOne.Suite.Sdk": "2.0.0-ci2397913518"
        }
      },
      "ViciOne.Suite.DataPort.Anna.Contracts": {
        "type": "CentralTransitive",
        "requested": "[0.38.0, )",
        "resolved": "0.38.0",
        "contentHash": "xcmYf+90vVn3hJFfTk/1cJs7C1MZvDKaXdrdIbpP7Of9GuirYYwWDfy424hvI4i+CnFDIp8e/ikhc76RCOfEQQ=="
      },
      "ViciOne.Suite.Sdk": {
        "type": "CentralTransitive",
        "requested": "[2.0.0-ci2403435464, )",
        "resolved": "2.0.0-ci2403435464",
        "contentHash": "JuW7L1LMr1YmSQoPN7ZNiMmxGHcBJV7jngfXUR7qJHOBkqB/vLlNy9Zy1UE458ldCBymsKCqf5z4jWoRlpwmKw==",
        "dependencies": {
          "MassTransit.Abstractions": "8.5.8",
          "Microsoft.AspNetCore.Authorization": "10.0.5",
          "Microsoft.Extensions.Diagnostics.HealthChecks.Abstractions": "10.0.5",
          "ViciOne.CodeAnalysis.MustCallBase": "1.6.0"
        }
      }
    }
  }
}