{
  "version": 2,
  "dependencies": {
    "net9.0": {
      "coverlet.collector": {
        "type": "Direct",
        "requested": "[6.0.4, )",
        "resolved": "6.0.4",
        "contentHash": "lkhqpF8Pu2Y7IiN7OntbsTtdbpR1syMsm2F3IgX6ootA4ffRqWL5jF7XipHuZQTdVuWG/gVAAcf8mjk8Tz0xPg=="
      },
      "FastDeepCloner": {
        "type": "Direct",
        "requested": "[1.3.6, )",
        "resolved": "1.3.6",
        "contentHash": "4WDjv/Wxc+uj0P2asasuGQakdY7QhwLVZxpNDzSoUNIo+XjIIR7PAdHbgyweP/dlkjJpYBSnAOQuNjG5Az+nWg=="
      },
      "Microsoft.NET.Test.Sdk": {
        "type": "Direct",
        "requested": "[18.0.1, )",
        "resolved": "18.0.1",
        "contentHash": "WNpu6vI2rA0pXY4r7NKxCN16XRWl5uHu6qjuyVLoDo6oYEggIQefrMjkRuibQHm/NslIUNCcKftvoWAN80MSAg==",
        "dependencies": {
          "Microsoft.CodeCoverage": "18.0.1",
          "Microsoft.TestPlatform.TestHost": "18.0.1"
        }
      },
      "ViciOne.CodeAnalysis": {
        "type": "Direct",
        "requested": "[1.2.1, )",
        "resolved": "1.2.1",
        "contentHash": "QLRj/dBscAqmCoRFL45bjIHfpx5F5sjC5JVo+vOxIHG3rW+jaYDO9TSAcPEABxd+GMl0JkOHDiWdhrgLIG3QjQ=="
      },
      "xunit": {
        "type": "Direct",
        "requested": "[2.9.3, )",
        "resolved": "2.9.3",
        "contentHash": "TlXQBinK35LpOPKHAqbLY4xlEen9TBafjs0V5KnA4wZsoQLQJiirCR4CbIXvOH8NzkW4YeJKP5P/Bnrodm0h9Q==",
        "dependencies": {
          "xunit.analyzers": "1.18.0",
          "xunit.assert": "2.9.3",
          "xunit.core": "[2.9.3]"
        }
      },
      "xunit.runner.visualstudio": {
        "type": "Direct",
        "requested": "[3.1.5, )",
        "resolved": "3.1.5",
        "contentHash": "tKi7dSTwP4m5m9eXPM2Ime4Kn7xNf4x4zT9sdLO/G4hZVnQCRiMTWoSZqI/pYTVeI27oPPqHBKYI/DjJ9GsYgA=="
      },
      "FastCloner": {
        "type": "Transitive",
        "resolved": "3.3.10",
        "contentHash": "3Qw0IlWqsfNHep1ryRSW3J3mSz9fPOktHiinESThg9RVQTIH0FfVNoiDnSp7/byINOpSVUVAUuFAFqUxokm7BA=="
      },
      "MassTransit.Abstractions": {
        "type": "Transitive",
        "resolved": "8.5.7",
        "contentHash": "HdS4nzARrW34F+ftZpfykSEwmvEFD8Z+lRulwakt0YU9xg4IE3bUmbls15vuOxfC2YDtcr7y3+SQYzXx6fG/vA=="
      },
      "Microsoft.AspNetCore.Authorization": {
        "type": "Transitive",
        "resolved": "9.0.11",
        "contentHash": "VtzQJnpvemh+n4jjMJR+XWiupCWu+Em822orJIFF9jXRfrJET1fBTo6yWqNFnQQKqtvQ3E4Vrjq0N/bHdZR25w==",
        "dependencies": {
          "Microsoft.AspNetCore.Metadata": "9.0.11",
          "Microsoft.Extensions.Logging.Abstractions": "9.0.11",
          "Microsoft.Extensions.Options": "9.0.11"
        }
      },
      "Microsoft.AspNetCore.Components": {
        "type": "Transitive",
        "resolved": "9.0.11",
        "contentHash": "HIMOsBnuhcTNWBnCyugRHVgrh4iYfIM2Hl+8+8SQ6wrEIk+I2fUKa8USwV8XaMvZsjyJD7fPHaldAPoR9BNAVA==",
        "dependencies": {
          "Microsoft.AspNetCore.Authorization": "9.0.11",
          "Microsoft.AspNetCore.Components.Analyzers": "9.0.11"
        }
      },
      "Microsoft.AspNetCore.Components.Analyzers": {
        "type": "Transitive",
        "resolved": "9.0.11",
        "contentHash": "7345cqEUev15rfdBeoBmYtUFrdHyYP/FVUbva3Q66eFTT0UuaykqWPtHmnv8R8GJZ9xntMxKhmqhySZTnth7sQ=="
      },
      "Microsoft.AspNetCore.Components.Authorization": {
        "type": "Transitive",
        "resolved": "9.0.11",
        "contentHash": "I3qPe8hIEkDRDiG+nW1CV8yfIK0uQjQbwv66jcdEig2u4jHJYcKJo6Y8FMBvkzOBZqAlsunix7Q3emUDCrI7Mw==",
        "dependencies": {
          "Microsoft.AspNetCore.Authorization": "9.0.11",
          "Microsoft.AspNetCore.Components": "9.0.11"
        }
      },
      "Microsoft.AspNetCore.Components.Forms": {
        "type": "Transitive",
        "resolved": "9.0.11",
        "contentHash": "emoJb7TUrOy27stNXcXv+WsyItn0Qhe4gMcZHtfIfcnErRjN2YOotCAKWezBeKvYWqaV28qsDpjxvjjcANxZGw==",
        "dependencies": {
          "Microsoft.AspNetCore.Components": "9.0.11"
        }
      },
      "Microsoft.AspNetCore.Components.QuickGrid": {
        "type": "Transitive",
        "resolved": "9.0.11",
        "contentHash": "iN7YwgDY1okGrxErOoDe2hqzss0X1Hl5W+VV9Wq+PqUqfyvUxH3eRr5giCI4xCRBhzhBJBvq6HfCbyuaoejCrA==",
        "dependencies": {
          "Microsoft.AspNetCore.Components.Web": "9.0.11"
        }
      },
      "Microsoft.AspNetCore.Components.Web": {
        "type": "Transitive",
        "resolved": "9.0.11",
        "contentHash": "wU9oVKqHfP4euIpRiRHLVkmhjFXctOvRDHOMUdBRnUErUua+fE6KsIRuBvUKla6tIql9sS58wbETZnjZpnX0lw==",
        "dependencies": {
          "Microsoft.AspNetCore.Components": "9.0.11",
          "Microsoft.AspNetCore.Components.Forms": "9.0.11",
          "Microsoft.Extensions.DependencyInjection": "9.0.11",
          "Microsoft.Extensions.Primitives": "9.0.11",
          "Microsoft.JSInterop": "9.0.11"
        }
      },
      "Microsoft.AspNetCore.Metadata": {
        "type": "Transitive",
        "resolved": "9.0.11",
        "contentHash": "O0HzG5utNH6ihO632k0nHFZa8iNDmGphdgWWqeDSdN/T9n0ZOXlA5+q77DxY3nHTjNfA0KMfpykIhEI+Wmzosg=="
      },
      "Microsoft.CodeCoverage": {
        "type": "Transitive",
        "resolved": "18.0.1",
        "contentHash": "O+utSr97NAJowIQT/OVp3Lh9QgW/wALVTP4RG1m2AfFP4IyJmJz0ZBmFJUsRQiAPgq6IRC0t8AAzsiPIsaUDEA=="
      },
      "Microsoft.Extensions.DependencyInjection": {
        "type": "Transitive",
        "resolved": "9.0.11",
        "contentHash": "UquyDzvz0EneIQrrU67GJkIgynS+VD7t+RDtNv6VgKMOFrLBjldn6hzlXppGGecFMvAkMTqn4T8RYvzw7j7fQA==",
        "dependencies": {
          "Microsoft.Extensions.DependencyInjection.Abstractions": "9.0.11"
        }
      },
      "Microsoft.Extensions.DependencyInjection.Abstractions": {
        "type": "Transitive",
        "resolved": "9.0.11",
        "contentHash": "+ZxxZzcVU+IEzq12GItUzf/V3mEc5nSLiXijwvDc4zyhbjvSZZ043giSZqGnhakrjwRWjkerIHPrRwm9okEIpw=="
      },
      "Microsoft.Extensions.Diagnostics.HealthChecks.Abstractions": {
        "type": "Transitive",
        "resolved": "9.0.11",
        "contentHash": "WVhhxc6gaEfAge3yqNBtbuOaDpFTu+C7vztG9j/6EOwZ4qBx8YGNgz7Zvdcfm06PvihbDae1ZKiZA3JbNqQGRQ=="
      },
      "Microsoft.Extensions.Localization": {
        "type": "Transitive",
        "resolved": "9.0.11",
        "contentHash": "13P2jr8YUmNlxu860OJtEWX9SO2ajRubLItQcT4Os/dUlJ1WklkIFvMglBlbzo5J+xQTAAfMhLhN0/SUSowIQw==",
        "dependencies": {
          "Microsoft.Extensions.DependencyInjection.Abstractions": "9.0.11",
          "Microsoft.Extensions.Localization.Abstractions": "9.0.11",
          "Microsoft.Extensions.Logging.Abstractions": "9.0.11",
          "Microsoft.Extensions.Options": "9.0.11"
        }
      },
      "Microsoft.Extensions.Localization.Abstractions": {
        "type": "Transitive",
        "resolved": "9.0.11",
        "contentHash": "mPGUbBmnWCBFY5JaPzEoJmoxRM2LXZG0RKDt3TReavM8gz6p+JhulIGsoFKi/N8AWPj0judhk1sbG0wmUQvQFA=="
      },
      "Microsoft.Extensions.Logging.Abstractions": {
        "type": "Transitive",
        "resolved": "9.0.11",
        "contentHash": "UKWFTDwtZQIoypyt1YPVsxTnDK+0sKn26+UeSGeNlkRQddrkt9EC6kP4g94rgO/WOZkz94bKNlF1dVZN3QfPFQ==",
        "dependencies": {
          "Microsoft.Extensions.DependencyInjection.Abstractions": "9.0.11"
        }
      },
      "Microsoft.Extensions.Options": {
        "type": "Transitive",
        "resolved": "9.0.11",
        "contentHash": "HX4M3BLkW1dtByMKHDVq6r7Jy6e4hf8NDzHpIgz7C8BtYk9JQHhfYX5c1UheQTD5Veg1yBhz/cD9C8vtrGrk9w==",
        "dependencies": {
          "Microsoft.Extensions.DependencyInjection.Abstractions": "9.0.11",
          "Microsoft.Extensions.Primitives": "9.0.11"
        }
      },
      "Microsoft.Extensions.Primitives": {
        "type": "Transitive",
        "resolved": "9.0.11",
        "contentHash": "rtUNSIhbQTv8iSBTFvtg2b/ZUkoqC9qAH9DdC2hr+xPpoZrxiCITci9UR/ELUGUGnGUrF8Xye+tGVRhCxE+4LA=="
      },
      "Microsoft.JSInterop": {
        "type": "Transitive",
        "resolved": "9.0.11",
        "contentHash": "5w/W57cXjt8Ugp5COQCsv1R/wt7KzZXjbTqK4AFvgsxqmv1DFJ6OzagzJmwgp6unczFuff6t8wNi+URePV6PYQ=="
      },
      "Microsoft.TestPlatform.ObjectModel": {
        "type": "Transitive",
        "resolved": "18.0.1",
        "contentHash": "qT/mwMcLF9BieRkzOBPL2qCopl8hQu6A1P7JWAoj/FMu5i9vds/7cjbJ/LLtaiwWevWLAeD5v5wjQJ/l6jvhWQ==",
        "dependencies": {
          "System.Reflection.Metadata": "8.0.0"
        }
      },
      "Microsoft.TestPlatform.TestHost": {
        "type": "Transitive",
        "resolved": "18.0.1",
        "contentHash": "uDJKAEjFTaa2wHdWlfo6ektyoh+WD4/Eesrwb4FpBFKsLGehhACVnwwTI4qD3FrIlIEPlxdXg3SyrYRIcO+RRQ==",
        "dependencies": {
          "Microsoft.TestPlatform.ObjectModel": "18.0.1",
          "Newtonsoft.Json": "13.0.3"
        }
      },
      "Newtonsoft.Json": {
        "type": "Transitive",
        "resolved": "13.0.3",
        "contentHash": "HrC5BXdl00IP9zeV+0Z848QWPAoCr9P3bDEZguI+gkLcBKAOxix/tLEAAHC+UvDNPv4a2d18lOReHMOagPa+zQ=="
      },
      "System.Collections.Immutable": {
        "type": "Transitive",
        "resolved": "8.0.0",
        "contentHash": "AurL6Y5BA1WotzlEvVaIDpqzpIPvYnnldxru8oXJU2yFxFUy3+pNXjXd1ymO+RA0rq0+590Q8gaz2l3Sr7fmqg=="
      },
      "System.Reflection.Metadata": {
        "type": "Transitive",
        "resolved": "8.0.0",
        "contentHash": "ptvgrFh7PvWI8bcVqG5rsA/weWM09EnthFHR5SCnS6IN+P4mj6rE1lBDC4U8HL9/57htKAqy4KQ3bBj84cfYyQ==",
        "dependencies": {
          "System.Collections.Immutable": "8.0.0"
        }
      },
      "ViciOne.Cluster.Model": {
        "type": "Transitive",
        "resolved": "0.11.0",
        "contentHash": "pQIf9/9xdSYbS7tn3ldlOzyWfm7BhwMkQbbIYUdsg6gxkwjF0Nynp0L+RBkM9tE/5VXYSezjBxh0fZPJfFxFcA==",
        "dependencies": {
          "ViciOne.Core.Contracts": "0.51.0",
          "ViciOne.ManagedEngine.Serialization": "0.61.0",
          "ViciOne.Serialization.Json": "0.51.0"
        }
      },
      "ViciOne.CodeAnalysis.MustCallBase": {
        "type": "Transitive",
        "resolved": "1.4.0",
        "contentHash": "yZU6IkrxQHRm2Q2XPmEDMAAk+A5aRkVAt+arC9TxXgkRnxmsSrsTBTRw/TevnE/IzMI60EzezFGPxYMo/arQ7g=="
      },
      "ViciOne.CodeAnalysis.MustCallBase.Attributes": {
        "type": "Transitive",
        "resolved": "1.4.0",
        "contentHash": "fT/z/qW0GSDnIxbjS1HGIuaQndyKPw1+J5WeWj02dCdel95bvW1vx9dUpPMVkBx0G0/LTZ5PWFvN92N4WBW7Sg=="
      },
      "ViciOne.Core.Contracts": {
        "type": "Transitive",
        "resolved": "0.51.0",
        "contentHash": "3uyq+x3QvdmzgGgep1Z8rUKv+s8fh/Em5RQL3hOquk+WDi9/Y48s7TuErEnPkAAzJN7zaK8NE/dIe4Qxi47U1A==",
        "dependencies": {
          "Microsoft.Extensions.Logging.Abstractions": "9.0.7"
        }
      },
      "ViciOne.Core.Dataflow": {
        "type": "Transitive",
        "resolved": "0.51.0",
        "contentHash": "eAgYzt5rzNYkDuq0dleev7s05quV+U2/1wCG/pm3MFfHFBOItRODO7vui0a8HDNm0IOag3q67tPP2yblfbBgzQ==",
        "dependencies": {
          "FastCloner": "3.3.10",
          "ViciOne.Core.Contracts": "0.51.0"
        }
      },
      "ViciOne.Core.Runtime": {
        "type": "Transitive",
        "resolved": "0.51.0",
        "contentHash": "Fx/lbcNJBM1fFWhHQse0FBJEca7b+wrY52HyR6xNASAol7adkITrXkPD1g8k+7zUoVff/fXlcdb33Z6+ytzloQ==",
        "dependencies": {
          "ViciOne.Core.Contracts": "0.51.0"
        }
      },
      "ViciOne.Engine.DefaultPoolings": {
        "type": "Transitive",
        "resolved": "0.51.0",
        "contentHash": "Kr0ukLNz3IP7NaF5NN3TGpwcdM0gkmZoXSwaOQ38nIc4n46e9yFiDFaVN2P2PVx88BUhy7O5d2qTk2Cg6nfaWQ==",
        "dependencies": {
          "ViciOne.Core.Runtime": "0.51.0"
        }
      },
      "ViciOne.ManagedEngine.Serialization": {
        "type": "Transitive",
        "resolved": "0.61.0",
        "contentHash": "bxoRgDT97ay8oKYZbolOG+SI4HsKNmU+c3s8x+cfRHqAyIfXyXIr+wo1si52l8q70OJ2vRU6IzpgehOvKARzBg=="
      },
      "ViciOne.Serialization.Json": {
        "type": "Transitive",
        "resolved": "0.51.0",
        "contentHash": "WtsPTyb9caYmbBYi/Vht88ctExv5rqXduF1DuD0Zvd1gVaaAFYLG6TDfOnNdFHzwOhvBe7rXoz4ShEQG/HUl3Q==",
        "dependencies": {
          "Newtonsoft.Json": "13.0.3"
        }
      },
      "ViciOne.Ui.Localization": {
        "type": "Transitive",
        "resolved": "2.35.0",
        "contentHash": "qjYFLTHX3yfx0VQEfFRmBCpVW8oXEY7OiYZ9qt3zAu9ghhQ37HBl9iSP+GjmYmcM4jZBqRiejKLMUG8/bktpkQ=="
      },
      "ViciOne.Ui.MonochromeIcons.Components": {
        "type": "Transitive",
        "resolved": "3.10.0",
        "contentHash": "cjnqko4pVZTe5YBVpsCFPFUjhhS4bBUamZ0MmWZf9Jmj5bEGX4RRKDbEtIrvdNdmi2eSVCJDuM2QklPDdXgwXg==",
        "dependencies": {
          "Microsoft.AspNetCore.Components.Web": "9.0.10",
          "ViciOne.Ui.MonochromeIcons.Core": "3.10.0"
        }
      },
      "ViciOne.Ui.MonochromeIcons.Core": {
        "type": "Transitive",
        "resolved": "3.10.0",
        "contentHash": "Wh9qp6+R/ude81wI2LOjqptq3Zw2nZ83vWPyPGrFrhX6kp69F0Bk3+z+AwZdaN148FsQpdh3Iy6SxZS4WzRddA=="
      },
      "xunit.analyzers": {
        "type": "Transitive",
        "resolved": "1.18.0",
        "contentHash": "OtFMHN8yqIcYP9wcVIgJrq01AfTxijjAqVDy/WeQVSyrDC1RzBWeQPztL49DN2syXRah8TYnfvk035s7L95EZQ=="
      },
      "xunit.assert": {
        "type": "Transitive",
        "resolved": "2.9.3",
        "contentHash": "/Kq28fCE7MjOV42YLVRAJzRF0WmEqsmflm0cfpMjGtzQ2lR5mYVj1/i0Y8uDAOLczkL3/jArrwehfMD0YogMAA=="
      },
      "xunit.core": {
        "type": "Transitive",
        "resolved": "2.9.3",
        "contentHash": "BiAEvqGvyme19wE0wTKdADH+NloYqikiU0mcnmiNyXaF9HyHmE6sr/3DC5vnBkgsWaE6yPyWszKSPSApWdRVeQ==",
        "dependencies": {
          "xunit.extensibility.core": "[2.9.3]",
          "xunit.extensibility.execution": "[2.9.3]"
        }
      },
      "xunit.extensibility.core": {
        "type": "Transitive",
        "resolved": "2.9.3",
        "contentHash": "kf3si0YTn2a8J8eZNb+zFpwfoyvIrQ7ivNk5ZYA5yuYk1bEtMe4DxJ2CF/qsRgmEnDr7MnW1mxylBaHTZ4qErA==",
        "dependencies": {
          "xunit.abstractions": "2.0.3"
        }
      },
      "xunit.extensibility.execution": {
        "type": "Transitive",
        "resolved": "2.9.3",
        "contentHash": "yMb6vMESlSrE3Wfj7V6cjQ3S4TXdXpRqYeNEI3zsX31uTsGMJjEw6oD5F5u1cHnMptjhEECnmZSsPxB6ChZHDQ==",
        "dependencies": {
          "xunit.extensibility.core": "[2.9.3]"
        }
      },
      "ViciOne.Suite.DataCollectionWizard.Internal": {
        "type": "Project",
        "dependencies": {
          "ViciOne.Cluster.Builder": "[0.11.0, )",
          "ViciOne.Driver.IoTCore.Contracts": "[1.21.0, )",
          "ViciOne.Suite.ClusterManagement.Public": "[1.4.0-ci2319077177, )",
          "ViciOne.Suite.DataCollectionWizard.Public": "[1.4.2, )",
          "ViciOne.Suite.DataPort.Anna.Contracts": "[0.38.0, )",
          "ViciOne.Suite.Sdk": "[1.1.0, )",
          "ViciOne.Suite.Sdk.Client": "[1.1.0, )"
        }
      },
      "ViciOne.Suite.DataCollectionWizard.Public": {
        "type": "Project",
        "dependencies": {
          "ViciOne.Driver.IoTCore.Contracts": "[1.21.0, )",
          "ViciOne.Suite.Sdk": "[1.1.0, )"
        }
      },
      "ViciOne.Cluster.Builder": {
        "type": "CentralTransitive",
        "requested": "[0.11.0, )",
        "resolved": "0.11.0",
        "contentHash": "5L6bjq+pIgoD+c5+wvVmX+/poMJLW7+n/geMOjVIlgIEKvLPXWHTnsbpZL6Gpyo9yrkF3eMAjoQs4Fx8HQO/4w==",
        "dependencies": {
          "ViciOne.Cluster.Model": "0.11.0",
          "ViciOne.Core.Dataflow": "0.51.0",
          "ViciOne.Engine.DefaultPoolings": "0.51.0"
        }
      },
      "ViciOne.Driver.IoTCore.Contracts": {
        "type": "CentralTransitive",
        "requested": "[1.21.0, )",
        "resolved": "1.21.0",
        "contentHash": "CoVcmC26njAHfYjIxe1wQgdiNUlyXC/R58yC5MENbuP3fGZoAGLlWxPjFahRbum3liQ9UHGRBFkzt8Q/XM8npQ=="
      },
      "ViciOne.Suite.ClusterManagement.Public": {
        "type": "CentralTransitive",
        "requested": "[1.4.0-ci2319077177, )",
        "resolved": "1.4.0-ci2319077177",
        "contentHash": "71pcOuFS0fJb6+MYHw0p+xlR+lR5Xa1rt60EswbkUYaUsrJsof+Y1N48b095pIIi4gR4XGLeKWJDV4yxRk0dFw==",
        "dependencies": {
          "ViciOne.Cluster.Builder": "0.11.0",
          "ViciOne.Suite.Sdk": "1.1.0"
        }
      },
      "ViciOne.Suite.DataPort.Anna.Contracts": {
        "type": "CentralTransitive",
        "requested": "[0.38.0, )",
        "resolved": "0.38.0",
        "contentHash": "xcmYf+90vVn3hJFfTk/1cJs7C1MZvDKaXdrdIbpP7Of9GuirYYwWDfy424hvI4i+CnFDIp8e/ikhc76RCOfEQQ=="
      },
      "ViciOne.Suite.Sdk": {
        "type": "CentralTransitive",
        "requested": "[1.1.0, )",
        "resolved": "1.1.0",
        "contentHash": "d2cXzhDLq7dUU3cegdCevkpqy8I+rZht+aXj4K+vD1xWx0wG1OHjDMG7QX2BpYUVsqw1x8eRa3Hx1t3L6mj0+A==",
        "dependencies": {
          "MassTransit.Abstractions": "8.5.7",
          "Microsoft.AspNetCore.Authorization": "9.0.11",
          "Microsoft.Extensions.Diagnostics.HealthChecks.Abstractions": "9.0.11",
          "ViciOne.CodeAnalysis.MustCallBase": "1.4.0"
        }
      },
      "ViciOne.Suite.Sdk.Client": {
        "type": "CentralTransitive",
        "requested": "[1.1.0, )",
        "resolved": "1.1.0",
        "contentHash": "mK9LZjvAsrfL5JF3HB8Td5g+NOMwLQNLhkEOaCgQOWPYPs8bcFnXxfgwPvIZWrrD7frPQke3x6YVNq9Tk2VneQ==",
        "dependencies": {
          "Microsoft.AspNetCore.Components.Authorization": "9.0.11",
          "Microsoft.AspNetCore.Components.Web": "9.0.11",
          "Microsoft.Extensions.Localization": "9.0.11",
          "ViciOne.CodeAnalysis.MustCallBase.Attributes": "1.4.0",
          "ViciOne.Suite.Sdk": "1.1.0",
          "ViciOne.Ui.Blazor.Components": "4.2.0",
          "ViciOne.Ui.Localization": "2.35.0",
          "ViciOne.Ui.MonochromeIcons.Components": "3.10.0"
        }
      },
      "ViciOne.Ui.Blazor.Components": {
        "type": "CentralTransitive",
        "requested": "[4.2.0, )",
        "resolved": "4.2.0",
        "contentHash": "bBvRNt87IP1C/3L6U7S3XWZxMld1PcccP9GbpjK32Ua3e8+uC6plL2zfVEfnYq1vQz3CMDt4O/9n6SXdNhH6JQ==",
        "dependencies": {
          "Microsoft.AspNetCore.Components.QuickGrid": "9.0.11",
          "Microsoft.AspNetCore.Components.Web": "9.0.11",
          "ViciOne.Ui.Localization": "2.31.0",
          "ViciOne.Ui.MonochromeIcons.Components": "3.7.0"
        }
      },
      "xunit.abstractions": {
        "type": "CentralTransitive",
        "requested": "[2.0.3, )",
        "resolved": "2.0.3",
        "contentHash": "pot1I4YOxlWjIb5jmwvvQNbTrZ3lJQ+jUGkGjWE3hEFM0l5gOnBWS+H3qsex68s5cO52g+44vpGzhAt+42vwKg=="
      }
    }
  }
}