{
  "version": 2,
  "dependencies": {
    "net10.0": {
      "AspNetCore.SassCompiler": {
        "type": "Direct",
        "requested": "[1.94.2, )",
        "resolved": "1.94.2",
        "contentHash": "vbrmVrz/FxGMh3OTkjdUOyAp07PHL5/fR6+rujkrcWYfZfa/5nqXvzwXDmxZThR9sXEkpSHxmhEDksr/R2xL/g==",
        "dependencies": {
          "Microsoft.Extensions.Configuration.Binder": "3.1.0",
          "Microsoft.Extensions.DependencyInjection.Abstractions": "3.1.0",
          "Microsoft.Extensions.Hosting.Abstractions": "3.1.0",
          "Microsoft.Extensions.Options": "3.1.0"
        }
      },
      "ViciOne.CodeAnalysis": {
        "type": "Direct",
        "requested": "[1.2.1, )",
        "resolved": "1.2.1",
        "contentHash": "QLRj/dBscAqmCoRFL45bjIHfpx5F5sjC5JVo+vOxIHG3rW+jaYDO9TSAcPEABxd+GMl0JkOHDiWdhrgLIG3QjQ=="
      },
      "ViciOne.Suite.Sdk.Client": {
        "type": "Direct",
        "requested": "[2.0.0-ci2328417675, )",
        "resolved": "2.0.0-ci2328417675",
        "contentHash": "lvv/OREjK+QjBfl3xMna2hiMjZz7kRV3eHM2z1A+iDZ3ELc0s0RQuZY0NNDfJB9TboH9pTPdsuXr3NRDsEgJKA==",
        "dependencies": {
          "Microsoft.AspNetCore.Components.Authorization": "10.0.3",
          "Microsoft.AspNetCore.Components.Web": "10.0.3",
          "Microsoft.Extensions.Localization": "10.0.3",
          "ViciOne.CodeAnalysis.MustCallBase.Attributes": "1.6.0",
          "ViciOne.Suite.Sdk": "2.0.0-ci2328417675",
          "ViciOne.Ui.Blazor.Components": "5.2.0",
          "ViciOne.Ui.Localization": "3.1.0",
          "ViciOne.Ui.MonochromeIcons.Components": "4.2.0"
        }
      },
      "ViciOne.Ui.Design": {
        "type": "Direct",
        "requested": "[2.0.3, )",
        "resolved": "2.0.3",
        "contentHash": "Wp5IDlqB/DP32GmlJIOaM3BaWjINwGvf6kjTsBUPQbhnUkHyb/f2UoQbFb3ME+DqvoqiGW+gDhXvmpfE06R1Cw=="
      },
      "ViciOne.Ui.MonochromeIcons.Assets": {
        "type": "Direct",
        "requested": "[4.2.0, )",
        "resolved": "4.2.0",
        "contentHash": "oIysFhs+W2sQJcQ4CLCBhOQFoaL4NdokZd5EBFzSkCN22yICsQjI3JGJsAd/fOOAxQR2M0foFLfad6TECdsjpQ==",
        "dependencies": {
          "ViciOne.Ui.MonochromeIcons.Core": "4.2.0"
        }
      },
      "ViciOne.Ui.Shared.Dx": {
        "type": "Direct",
        "requested": "[0.19.1, )",
        "resolved": "0.19.1",
        "contentHash": "QyzQmzsefwZHUtawCYR3G+X27DL4mobMms3lh24UgmkxT901idSJpz4B+AXzzaH+FZpXfwm/e51pJlAktvEjAw==",
        "dependencies": {
          "AspNetCore.SassCompiler": "1.94.2",
          "DevExpress.Blazor": "24.2.12",
          "DevExpress.Blazor.RichEdit": "24.2.12",
          "DevExpress.Blazor.de": "24.2.12",
          "DevExpress.RichEdit.Core": "24.2.12",
          "Microsoft.AspNetCore.Components": "9.0.11",
          "Microsoft.AspNetCore.Components.Web": "9.0.11",
          "ViciOne.Ui.MonochromeIcons.Components": "3.10.0"
        }
      },
      "ViciOne.Ui.TreeEditor": {
        "type": "Direct",
        "requested": "[0.12.0, )",
        "resolved": "0.12.0",
        "contentHash": "Mk8mQugClY2C+yQFuE9Xab/WlThmUIa73KRgO68WvIhSJkBb0zQLgt4dhwYPq+86ztZg3RmlIcTEJCyBfPIhgA==",
        "dependencies": {
          "Microsoft.AspNetCore.Components.Web": "9.0.0",
          "ViciOne.Ui.TreeEditor.Builder": "0.12.0"
        }
      },
      "DevExpress.Blazor": {
        "type": "Transitive",
        "resolved": "24.2.12",
        "contentHash": "SM7LFhXeTVtJwTOBWfyDT2Kxy42ifYmTKTFKzCPc9wcyfGbg4STDKsWDt/lL+hgrTb4Ah/U7iPt7B2d7HmA5wA==",
        "dependencies": {
          "DevExpress.Blazor.Resources": "[24.2.12]",
          "DevExpress.Blazor.Themes": "[24.2.12]",
          "DevExpress.Data": "[24.2.12]",
          "DevExpress.Printing.Core": "[24.2.12]",
          "DevExtreme.AspNet.Data": "4.0.0",
          "System.Drawing.Common": "4.7.2",
          "System.Reactive": "5.0.0"
        }
      },
      "DevExpress.Blazor.de": {
        "type": "Transitive",
        "resolved": "24.2.12",
        "contentHash": "8Tyjxxsma9OffPtkZQzCmj6svWbgktfwG+dDQoxn40G2fL/mH+IESFnKoACe97h6/mDqEs5BskQVTh+Uf3e1zQ==",
        "dependencies": {
          "DevExpress.Blazor": "[24.2.12]",
          "DevExpress.Blazor.Resources.de": "[24.2.12]",
          "DevExpress.Data.de": "[24.2.12]",
          "DevExpress.Printing.Core.de": "[24.2.12]"
        }
      },
      "DevExpress.Blazor.Resources": {
        "type": "Transitive",
        "resolved": "24.2.12",
        "contentHash": "UBRVCv6ANaiIuoVxecmpmT+du+bu8YKgQ/VRDCzDuaNdIr97YHDKlthjo/08i2Y9d8ZBp8HkIvswLJZpQeehQQ==",
        "dependencies": {
          "DevExpress.Data": "[24.2.12]"
        }
      },
      "DevExpress.Blazor.Resources.de": {
        "type": "Transitive",
        "resolved": "24.2.12",
        "contentHash": "1eAT4gSU3raq0H0kSDFfIGa40EBpz7bk07EB7jGlon2MbV9gg8FTzUxDCEYFm7uYhYllrPCn2nFzxwV1dVzQQw==",
        "dependencies": {
          "DevExpress.Blazor.Resources": "[24.2.12]",
          "DevExpress.Data.de": "[24.2.12]"
        }
      },
      "DevExpress.Blazor.RichEdit": {
        "type": "Transitive",
        "resolved": "24.2.12",
        "contentHash": "5G5JDMLk64Sb5ExwcEDSf+xKWOvBpI0v3pGWFi3W9skIfQR/yFwkuN5mxdstTHPA6povavB1acntFg2TRT1+qw==",
        "dependencies": {
          "DevExpress.Blazor": "[24.2.12]",
          "DevExpress.Blazor.Resources": "[24.2.12]",
          "DevExpress.Data": "[24.2.12]",
          "DevExpress.Drawing": "[24.2.12]",
          "DevExpress.SpellChecker.Core": "[24.2.12]"
        }
      },
      "DevExpress.Blazor.Themes": {
        "type": "Transitive",
        "resolved": "24.2.12",
        "contentHash": "wAYdzu6dMtTwhR9WX/x0mb5RpNRcmhnOvzVjYbEPB01Tu01FMSJwH/QkEobqmWCRhLyx+83cTON8/8wKl/y18A=="
      },
      "DevExpress.Data": {
        "type": "Transitive",
        "resolved": "24.2.12",
        "contentHash": "ctTcBDtfcG2xKi5Ke9U+zL5PLckct5tYMrA15pMOKZ916hJESQBIQw2qbdJzOW2n5PGNKTGitiMN1r/SBphuqQ==",
        "dependencies": {
          "System.Drawing.Common": "4.7.2"
        }
      },
      "DevExpress.Data.de": {
        "type": "Transitive",
        "resolved": "24.2.12",
        "contentHash": "IOwNKFmE4mfaQ7IkmbYl/5i+qX1x8j11JqPnSdcJum6qACk1TKjSSkJcdaUiYju9YAETj3fkcCrO9zqmPSLAZg==",
        "dependencies": {
          "DevExpress.Data": "[24.2.12]"
        }
      },
      "DevExpress.Drawing": {
        "type": "Transitive",
        "resolved": "24.2.12",
        "contentHash": "x5RKxB0F2e4+z6HWIHI2EIOtb7dI+C8EBhQJq3KlwHHy8PZRVqoZhQ3oNlWjQvm8ALdmvLgxJVzr+qkZ8hoQvQ==",
        "dependencies": {
          "DevExpress.Data": "[24.2.12]",
          "System.Drawing.Common": "4.7.2"
        }
      },
      "DevExpress.Drawing.de": {
        "type": "Transitive",
        "resolved": "24.2.12",
        "contentHash": "83OEtoPDZjzWY9eoMPDWLpjOXAToSMOUQAKFzhtL3xAAaexpd7Fd0jp7H/BoGj+ct2WsAJN56YPDbQICReDhCw==",
        "dependencies": {
          "DevExpress.Data.de": "[24.2.12]",
          "DevExpress.Drawing": "[24.2.12]"
        }
      },
      "DevExpress.Office.Core": {
        "type": "Transitive",
        "resolved": "24.2.12",
        "contentHash": "nhL0kO/7xampl+biQbXwvMMyh+blnBTTxJDFagt3f94HvOQLm1BIXJ2+dTOXhb2X/qasqAXTQ5flNV2wPmVHHg==",
        "dependencies": {
          "DevExpress.Data": "[24.2.12]",
          "DevExpress.Drawing": "[24.2.12]",
          "DevExpress.Pdf.Core": "[24.2.12]",
          "DevExpress.Printing.Core": "[24.2.12]",
          "System.Drawing.Common": "4.7.2"
        }
      },
      "DevExpress.Pdf.Core": {
        "type": "Transitive",
        "resolved": "24.2.12",
        "contentHash": "gIOC1mc2oASb26xyeBRixYvGIbTYEOiCW6mgcyEjTrR8PReoE+1GnuCxY2Gq+nJ7hpFUP+6GT4e6vq0VwMEFfQ==",
        "dependencies": {
          "DevExpress.Data": "[24.2.12]",
          "DevExpress.Drawing": "[24.2.12]",
          "System.Drawing.Common": "4.7.2",
          "System.Security.Cryptography.Pkcs": "8.0.1"
        }
      },
      "DevExpress.Pdf.Core.de": {
        "type": "Transitive",
        "resolved": "24.2.12",
        "contentHash": "ElcMBoOZshi3U4dNOL1yQBJCyknPycnPRpC9Q5ATy36OWn7kQUooJW0AOQdwRuijX8jJgVU3YX1WhMO9lTlBag==",
        "dependencies": {
          "DevExpress.Data.de": "[24.2.12]",
          "DevExpress.Drawing.de": "[24.2.12]",
          "DevExpress.Pdf.Core": "[24.2.12]"
        }
      },
      "DevExpress.Pdf.Drawing": {
        "type": "Transitive",
        "resolved": "24.2.12",
        "contentHash": "q3p7nsZoWJpN2jBWQrBid9fLFQ5QZQhrEbOJB/Dv0gczgzzsSAtCsMEZdFAQftlEpxYvxhLEDMcq4Nj/IIK43A==",
        "dependencies": {
          "DevExpress.Data": "[24.2.12]",
          "DevExpress.Drawing": "[24.2.12]",
          "DevExpress.Pdf.Core": "[24.2.12]",
          "System.Drawing.Common": "4.7.2"
        }
      },
      "DevExpress.Pdf.Drawing.de": {
        "type": "Transitive",
        "resolved": "24.2.12",
        "contentHash": "/blSO+83MzreTkO/e9T1fmPMQPveIhSqo/bBVkTCMe3caDNQd/EIiHM7G2L5rkpphf+s6BofVbhHpSH0rsdZSw==",
        "dependencies": {
          "DevExpress.Data.de": "[24.2.12]",
          "DevExpress.Drawing.de": "[24.2.12]",
          "DevExpress.Pdf.Core.de": "[24.2.12]",
          "DevExpress.Pdf.Drawing": "[24.2.12]"
        }
      },
      "DevExpress.Printing.Core": {
        "type": "Transitive",
        "resolved": "24.2.12",
        "contentHash": "IukKbEowv1471adtSIQ9rArHGAbHiWvioc0NETaMG+fISzaNCWu/UKNZJ0GA04SSE13N32KY7MEq8mu6bpruPQ==",
        "dependencies": {
          "DevExpress.Data": "[24.2.12]",
          "DevExpress.Drawing": "[24.2.12]",
          "DevExpress.Pdf.Core": "[24.2.12]",
          "DevExpress.Pdf.Drawing": "[24.2.12]",
          "System.Drawing.Common": "4.7.2",
          "System.Security.Cryptography.Pkcs": "8.0.1",
          "System.ServiceModel.Http": "6.2.0"
        }
      },
      "DevExpress.Printing.Core.de": {
        "type": "Transitive",
        "resolved": "24.2.12",
        "contentHash": "aL0qoqTixPd1qpNueAE53f1S/1ORFN4cCidnyaU7AWO9TP2VvWh1aHUOd6z3+3a3hfrqKefNygwfqOOfSH5rBQ==",
        "dependencies": {
          "DevExpress.Data.de": "[24.2.12]",
          "DevExpress.Drawing.de": "[24.2.12]",
          "DevExpress.Pdf.Core.de": "[24.2.12]",
          "DevExpress.Pdf.Drawing.de": "[24.2.12]",
          "DevExpress.Printing.Core": "[24.2.12]"
        }
      },
      "DevExpress.RichEdit.Core": {
        "type": "Transitive",
        "resolved": "24.2.12",
        "contentHash": "ndugDwSJnAT7FFwH7PusR/5ycXHEqfSXcbx00vtrcTule0SxJDGdJWEfjccyOdYGfHcJQT0ulure8zft39ZslQ==",
        "dependencies": {
          "DevExpress.Data": "[24.2.12]",
          "DevExpress.Drawing": "[24.2.12]",
          "DevExpress.Office.Core": "[24.2.12]",
          "DevExpress.Pdf.Core": "[24.2.12]",
          "DevExpress.Printing.Core": "[24.2.12]",
          "System.Drawing.Common": "4.7.2"
        }
      },
      "DevExpress.SpellChecker.Core": {
        "type": "Transitive",
        "resolved": "24.2.12",
        "contentHash": "Ue8MeXbBvqnqQSiYqLox5D9/S9HvcwOo6DAbmZYdJC7/OWXAOAVY3BucQfke4n4bmbTbK3/J7TZk273i3DgpHA==",
        "dependencies": {
          "DevExpress.Data": "[24.2.12]"
        }
      },
      "DevExtreme.AspNet.Data": {
        "type": "Transitive",
        "resolved": "4.0.0",
        "contentHash": "BfADnQ9HD3L1/du53CrDbqfb+3zTBc+yGYG1sblYKL33cf2BEjljUEAopI6K4i35fcR4pI6dUbsQL4qOMrRqZg=="
      },
      "FastCloner": {
        "type": "Transitive",
        "resolved": "3.3.10",
        "contentHash": "3Qw0IlWqsfNHep1ryRSW3J3mSz9fPOktHiinESThg9RVQTIH0FfVNoiDnSp7/byINOpSVUVAUuFAFqUxokm7BA=="
      },
      "MassTransit.Abstractions": {
        "type": "Transitive",
        "resolved": "8.5.8",
        "contentHash": "f1XJz88+JZNLl1iHWSGNoD91ownowoP4Vl+2DmVM7ljAxQebvolVKdlyY+iZBSdODCeyLGCcM9jrfZXWkDHtow=="
      },
      "Microsoft.AspNetCore.Authorization": {
        "type": "Transitive",
        "resolved": "10.0.3",
        "contentHash": "pqm2ivtD2bj5f+4KnrGmJsD/iDZkMnJnK/uW/p1bpqKCR316TyWqyhhS5znLGw7QpX2fAWhXU+uQo1Cb89bedA==",
        "dependencies": {
          "Microsoft.AspNetCore.Metadata": "10.0.3",
          "Microsoft.Extensions.Diagnostics": "10.0.3",
          "Microsoft.Extensions.Logging.Abstractions": "10.0.3",
          "Microsoft.Extensions.Options": "10.0.3"
        }
      },
      "Microsoft.AspNetCore.Components": {
        "type": "Transitive",
        "resolved": "10.0.3",
        "contentHash": "kzh0i0HrEdY4uV6KzXt3U+/2Bf586ryc5CiP6ve6vqnj/XnuLdqvvnTw+JGJcGNCK1ye4Q4eU2JvDuD7xB4U0A==",
        "dependencies": {
          "Microsoft.AspNetCore.Authorization": "10.0.3",
          "Microsoft.AspNetCore.Components.Analyzers": "10.0.3"
        }
      },
      "Microsoft.AspNetCore.Components.Analyzers": {
        "type": "Transitive",
        "resolved": "10.0.3",
        "contentHash": "lrutvdhJ6zKmYryd6dWtgJfaE+PYGR3yjNRgd3qPZh8xiCQOlEXwm+UWyLNwRoLjhUBOVirNV7nn75UdZJe7qQ=="
      },
      "Microsoft.AspNetCore.Components.Authorization": {
        "type": "Transitive",
        "resolved": "10.0.3",
        "contentHash": "72I3YyfRkOPN8Dx8q1bjhNRl6IO066SZN7g7t9UoShr2V7WjSeNWywMzGidvNScFcKS9Amf8AnU4iIEyYAvfJQ==",
        "dependencies": {
          "Microsoft.AspNetCore.Authorization": "10.0.3",
          "Microsoft.AspNetCore.Components": "10.0.3"
        }
      },
      "Microsoft.AspNetCore.Components.Forms": {
        "type": "Transitive",
        "resolved": "10.0.3",
        "contentHash": "9g14GvH3F4a7v+1iaBzYmlr8U4rvSmCxbZC0kxQFOm5XLtnqiS8+1AhnkzsttCztw3cZ8MgjWhgYwO6A2wNzeQ==",
        "dependencies": {
          "Microsoft.AspNetCore.Components": "10.0.3",
          "Microsoft.Extensions.Validation": "10.0.3"
        }
      },
      "Microsoft.AspNetCore.Components.QuickGrid": {
        "type": "Transitive",
        "resolved": "10.0.2",
        "contentHash": "1p/KmQb72b08Cb9c0nIsS6d81dTVIanNqfBx20Ln/u6v83IrCt0ojjEdprKTQYorkk7KbsTWlQunKgpBdbRgTA==",
        "dependencies": {
          "Microsoft.AspNetCore.Components.Web": "10.0.2"
        }
      },
      "Microsoft.AspNetCore.Components.Web": {
        "type": "Transitive",
        "resolved": "10.0.3",
        "contentHash": "eC5CzeM2axzGyIbEjrN/7CAaFr3eMAecPOPxTUYHuIV5tLjg1hljUeIxjCP0vv5XsaUkbozIdFqc0VSl+RMAUw==",
        "dependencies": {
          "Microsoft.AspNetCore.Components": "10.0.3",
          "Microsoft.AspNetCore.Components.Forms": "10.0.3",
          "Microsoft.Extensions.DependencyInjection": "10.0.3",
          "Microsoft.Extensions.Primitives": "10.0.3",
          "Microsoft.JSInterop": "10.0.3"
        }
      },
      "Microsoft.AspNetCore.Metadata": {
        "type": "Transitive",
        "resolved": "10.0.3",
        "contentHash": "PtLHFABwDpGhpTMxni8z4W0J2b+y2EVFkpZ8K6A092pbdBdlD3yAgxAZhwLxXl2RKBTuVj5TUGc2voDQ/ghpTA=="
      },
      "Microsoft.Extensions.Configuration": {
        "type": "Transitive",
        "resolved": "10.0.3",
        "contentHash": "H1Cjv2xmm7O3iAGmFTcnSM0ZhLQ/7SqefmAvSJoT1PbXoxeYc2fo0mCLn2JlVbr9E6YpoU9q/o0fI9neDJB0xQ==",
        "dependencies": {
          "Microsoft.Extensions.Configuration.Abstractions": "10.0.3",
          "Microsoft.Extensions.Primitives": "10.0.3"
        }
      },
      "Microsoft.Extensions.Configuration.Abstractions": {
        "type": "Transitive",
        "resolved": "10.0.3",
        "contentHash": "xVDHL0+SIgemfh95fTO9cGLe17TWv/ZP0n7m01z8X6pzt2DmQpucioWR/mYZA1sRlkWnkXzfl0JweLNWmE9WMg==",
        "dependencies": {
          "Microsoft.Extensions.Primitives": "10.0.3"
        }
      },
      "Microsoft.Extensions.Configuration.Binder": {
        "type": "Transitive",
        "resolved": "10.0.3",
        "contentHash": "759UhpKaR5Jsll9kXpkft4z/7tpeF7Dw2rTY/9f9JchaSQTpRFNIPkZFZvoo7fFpbjUaqtDlO5aiGpmQrp/EUA==",
        "dependencies": {
          "Microsoft.Extensions.Configuration": "10.0.3",
          "Microsoft.Extensions.Configuration.Abstractions": "10.0.3"
        }
      },
      "Microsoft.Extensions.DependencyInjection": {
        "type": "Transitive",
        "resolved": "10.0.3",
        "contentHash": "2DLOmC0EkB2smVK8lPP1PIKEgL1arE3CMp9XSIQB/Y7ev5nnnyuM/PizKJ6QfLD08QCYoopSC9SFdbYglDomYg==",
        "dependencies": {
          "Microsoft.Extensions.DependencyInjection.Abstractions": "10.0.3"
        }
      },
      "Microsoft.Extensions.DependencyInjection.Abstractions": {
        "type": "Transitive",
        "resolved": "10.0.3",
        "contentHash": "bwGMrRcAMWx2s/RDgja97p27rxSz2pEQW0+rX5cWAUWVETVJ/eyxGfjAl8vuG5a+lckWmPIE+vcuaZNVB5YDdw=="
      },
      "Microsoft.Extensions.Diagnostics": {
        "type": "Transitive",
        "resolved": "10.0.3",
        "contentHash": "tc0R6i2T+138taoxFPQXb7Sy/4rtq4ytoJrAt4fNGs6k89mHpEhZnXUNgaFKwwb5Ud5rIUeLC6tfpsuHNwiWqg==",
        "dependencies": {
          "Microsoft.Extensions.Configuration": "10.0.3",
          "Microsoft.Extensions.Diagnostics.Abstractions": "10.0.3",
          "Microsoft.Extensions.Options.ConfigurationExtensions": "10.0.3"
        }
      },
      "Microsoft.Extensions.Diagnostics.Abstractions": {
        "type": "Transitive",
        "resolved": "10.0.3",
        "contentHash": "mQiTzAj7PIJ2A9YXR5QhgulS1fTWhmQc3ckd1Mrf3hKW07d03fBDqx8vVaFw+cRTebDOeB6pNqdWdnRxsi1hBA==",
        "dependencies": {
          "Microsoft.Extensions.DependencyInjection.Abstractions": "10.0.3",
          "Microsoft.Extensions.Options": "10.0.3"
        }
      },
      "Microsoft.Extensions.Diagnostics.HealthChecks.Abstractions": {
        "type": "Transitive",
        "resolved": "10.0.3",
        "contentHash": "rwGWGY2Vg+8NWS+nOLrnf47K4EM1IsTffb2oOLrUyxlsq7WbVTTwTn5BUiViMZI+lLzSGVB5ItBo6hcB65uVaA=="
      },
      "Microsoft.Extensions.FileProviders.Abstractions": {
        "type": "Transitive",
        "resolved": "3.1.0",
        "contentHash": "G3iBMOnn3tETEUvkE9J3a23wQpRkiXZp73zR0XNlicjLFhkeWW1FCaC2bTjrgHhPi2KO6x0BXnHvVuJPIlygBQ==",
        "dependencies": {
          "Microsoft.Extensions.Primitives": "3.1.0"
        }
      },
      "Microsoft.Extensions.Hosting.Abstractions": {
        "type": "Transitive",
        "resolved": "3.1.0",
        "contentHash": "LiOP1ceFaPBxaE28SOjtORzOVCJk33TT5VQ/Cg5EoatZh1dxpPAgAV/0ruzWKQE7WAHU3F1H9Z6rFgsQwIb9uQ==",
        "dependencies": {
          "Microsoft.Extensions.Configuration.Abstractions": "3.1.0",
          "Microsoft.Extensions.DependencyInjection.Abstractions": "3.1.0",
          "Microsoft.Extensions.FileProviders.Abstractions": "3.1.0",
          "Microsoft.Extensions.Logging.Abstractions": "3.1.0"
        }
      },
      "Microsoft.Extensions.Localization": {
        "type": "Transitive",
        "resolved": "10.0.3",
        "contentHash": "IKaMZ30I+Q/hi3vapU5LnTR2OsnPL26zc1Np/uqfAaSSK4t+kqGkhXEfTlELtt0OMOocINCxH9jVFQ5bYAmQAg==",
        "dependencies": {
          "Microsoft.Extensions.DependencyInjection.Abstractions": "10.0.3",
          "Microsoft.Extensions.Localization.Abstractions": "10.0.3",
          "Microsoft.Extensions.Logging.Abstractions": "10.0.3",
          "Microsoft.Extensions.Options": "10.0.3"
        }
      },
      "Microsoft.Extensions.Localization.Abstractions": {
        "type": "Transitive",
        "resolved": "10.0.3",
        "contentHash": "GkJqsJuyzNYALUzQCv5K+NQpzQHagEBCxSXVPnhEF/ieIC6IEgCiA7nm/V8vw0ldLpF2S8GUE26IPX2P7Xhq0A=="
      },
      "Microsoft.Extensions.Logging.Abstractions": {
        "type": "Transitive",
        "resolved": "10.0.3",
        "contentHash": "lxl0WLk7ROgBFAsjcOYjQ8/DVK+VMszxGBzUhgtQmAsTNldLL5pk9NG/cWTsXHq0lUhUEAtZkEE7jOGOA8bGKQ==",
        "dependencies": {
          "Microsoft.Extensions.DependencyInjection.Abstractions": "10.0.3"
        }
      },
      "Microsoft.Extensions.ObjectPool": {
        "type": "Transitive",
        "resolved": "6.0.16",
        "contentHash": "OVX5tlKg6LY+XKqlUn7i9KY+6Liut0iewWff2DNr7129i/NJ8rpUzbmxavPydZgcLREEWHklXZiPKCS895tNIQ=="
      },
      "Microsoft.Extensions.Options": {
        "type": "Transitive",
        "resolved": "10.0.3",
        "contentHash": "hU6WzGTPvPoLA2ng1ILvWQb3g0qORdlHNsxI8IcPLumJb3suimYUl+bbDzdo1V4KFsvVhnMWzysHpKbZaoDQPQ==",
        "dependencies": {
          "Microsoft.Extensions.DependencyInjection.Abstractions": "10.0.3",
          "Microsoft.Extensions.Primitives": "10.0.3"
        }
      },
      "Microsoft.Extensions.Options.ConfigurationExtensions": {
        "type": "Transitive",
        "resolved": "10.0.3",
        "contentHash": "bn6QoBbbvwmzLIFyxrnL2/e+sqoNUOGbHyfWK9DPONMv1mDCYHm/C7MusYASM31b2lUx6OiDmonb3v+dv5t0nA==",
        "dependencies": {
          "Microsoft.Extensions.Configuration.Abstractions": "10.0.3",
          "Microsoft.Extensions.Configuration.Binder": "10.0.3",
          "Microsoft.Extensions.DependencyInjection.Abstractions": "10.0.3",
          "Microsoft.Extensions.Options": "10.0.3",
          "Microsoft.Extensions.Primitives": "10.0.3"
        }
      },
      "Microsoft.Extensions.Primitives": {
        "type": "Transitive",
        "resolved": "10.0.3",
        "contentHash": "GEcpTwo7sUoLGGNTqV1FZEuL+tTD9m81NX/mh099dqGNna07/UGZShKQNZRw4hv6nlliSUwYQgSYc7OR99Jufg=="
      },
      "Microsoft.Extensions.Validation": {
        "type": "Transitive",
        "resolved": "10.0.3",
        "contentHash": "ckKsqpWxbCDvOSWz6e9WOjPSLUna0/ObST/GHezGucyxfQlwmfK13d/BBrj8YctleFepCVYM1+SREEkqUBir2A==",
        "dependencies": {
          "Microsoft.Extensions.DependencyInjection.Abstractions": "10.0.3",
          "Microsoft.Extensions.Options": "10.0.3"
        }
      },
      "Microsoft.JSInterop": {
        "type": "Transitive",
        "resolved": "10.0.3",
        "contentHash": "6bvIDztTDoRvzPPjndyAyAGHBt+MH1Pm4GEt03pcHOwQt+6sh3JnFw4vmWy18DixD+lQqPiDQBt8XsKFJD1uuQ=="
      },
      "Microsoft.NETCore.Platforms": {
        "type": "Transitive",
        "resolved": "3.1.4",
        "contentHash": "9/y05/CuxE+j184Nr4KihhB9KcUkvGojmD4JV4Vt/mHhVZR+eOCD5WCM+CXye9K0OFMsaPXbN+IcaIpjgBGZmg=="
      },
      "Microsoft.Win32.SystemEvents": {
        "type": "Transitive",
        "resolved": "4.7.0",
        "contentHash": "mtVirZr++rq+XCDITMUdnETD59XoeMxSpLRIII7JRI6Yj0LEDiO1pPn0ktlnIj12Ix8bfvQqQDMMIF9wC98oCA==",
        "dependencies": {
          "Microsoft.NETCore.Platforms": "3.1.0"
        }
      },
      "Newtonsoft.Json": {
        "type": "Transitive",
        "resolved": "13.0.3",
        "contentHash": "HrC5BXdl00IP9zeV+0Z848QWPAoCr9P3bDEZguI+gkLcBKAOxix/tLEAAHC+UvDNPv4a2d18lOReHMOagPa+zQ=="
      },
      "System.Drawing.Common": {
        "type": "Transitive",
        "resolved": "4.7.2",
        "contentHash": "I2y4KBK3VCvU/WqE2xv7NjQ67maXHttkFSHYKgU2evrG9Yqh0oFjfORXt5hZTk+BVjdyFo2h0/YQZsca33BGmg==",
        "dependencies": {
          "Microsoft.NETCore.Platforms": "3.1.4",
          "Microsoft.Win32.SystemEvents": "4.7.0"
        }
      },
      "System.Reactive": {
        "type": "Transitive",
        "resolved": "5.0.0",
        "contentHash": "erBZjkQHWL9jpasCE/0qKAryzVBJFxGHVBAvgRN1bzM0q2s1S4oYREEEL0Vb+1kA/6BKb5FjUZMp5VXmy+gzkQ=="
      },
      "System.Security.Cryptography.Pkcs": {
        "type": "Transitive",
        "resolved": "8.0.1",
        "contentHash": "CoCRHFym33aUSf/NtWSVSZa99dkd0Hm7OCZUxORBjRB16LNhIEOf8THPqzIYlvKM0nNDAPTRBa1FxEECrgaxxA=="
      },
      "System.Security.Cryptography.Xml": {
        "type": "Transitive",
        "resolved": "6.0.1",
        "contentHash": "5e5bI28T0x73AwTsbuFP4qSRzthmU2C0Gqgg3AZ3KTxmSyA+Uhk31puA3srdaeWaacVnHhLdJywCzqOiEpbO/w==",
        "dependencies": {
          "System.Security.Cryptography.Pkcs": "6.0.1"
        }
      },
      "System.ServiceModel.Http": {
        "type": "Transitive",
        "resolved": "6.2.0",
        "contentHash": "lMk8MEw1OCvyyKY4HMg4ro1eYtWY7azIoDc2FBEGP8uOTJouWn3DemOQvM/GUpgrFbkpjuHPbEG5hgUbNtpiYA==",
        "dependencies": {
          "System.ServiceModel.Primitives": "6.2.0"
        }
      },
      "System.ServiceModel.Primitives": {
        "type": "Transitive",
        "resolved": "6.2.0",
        "contentHash": "ro+c4JKNuX6dDpTWh9ZICYr4pIe7uJToauPPgZt2qqFPjVB78ZDUz3rPCZX89dA+IoRZ+9T1ngLBKsgkTmx7UA==",
        "dependencies": {
          "Microsoft.Extensions.ObjectPool": "6.0.16",
          "System.Security.Cryptography.Xml": "6.0.1"
        }
      },
      "ViciOne.Cluster.Model": {
        "type": "Transitive",
        "resolved": "0.11.0",
        "contentHash": "pQIf9/9xdSYbS7tn3ldlOzyWfm7BhwMkQbbIYUdsg6gxkwjF0Nynp0L+RBkM9tE/5VXYSezjBxh0fZPJfFxFcA==",
        "dependencies": {
          "ViciOne.Core.Contracts": "0.51.0",
          "ViciOne.ManagedEngine.Serialization": "0.61.0",
          "ViciOne.Serialization.Json": "0.51.0"
        }
      },
      "ViciOne.CodeAnalysis.MustCallBase": {
        "type": "Transitive",
        "resolved": "1.6.0",
        "contentHash": "PCe0xFAejg2FcxePPNribpB3vgh4RvOYgvLXnsbJP7cCe+w4BS63zSKoWXC1NzHEX0ZHEnPx6f3CuLjscgPF4g=="
      },
      "ViciOne.CodeAnalysis.MustCallBase.Attributes": {
        "type": "Transitive",
        "resolved": "1.6.0",
        "contentHash": "TqDz9fmKppT/1pzrMSaGb7xygfApVYmEPgyAQ+7afM+ZfRSJMa1jxsUMnLCPh85HqBvmIrYRB9/lK8melVbjfg=="
      },
      "ViciOne.Core.Contracts": {
        "type": "Transitive",
        "resolved": "0.51.0",
        "contentHash": "3uyq+x3QvdmzgGgep1Z8rUKv+s8fh/Em5RQL3hOquk+WDi9/Y48s7TuErEnPkAAzJN7zaK8NE/dIe4Qxi47U1A==",
        "dependencies": {
          "Microsoft.Extensions.Logging.Abstractions": "9.0.7"
        }
      },
      "ViciOne.Core.Dataflow": {
        "type": "Transitive",
        "resolved": "0.51.0",
        "contentHash": "eAgYzt5rzNYkDuq0dleev7s05quV+U2/1wCG/pm3MFfHFBOItRODO7vui0a8HDNm0IOag3q67tPP2yblfbBgzQ==",
        "dependencies": {
          "FastCloner": "3.3.10",
          "ViciOne.Core.Contracts": "0.51.0"
        }
      },
      "ViciOne.Core.Runtime": {
        "type": "Transitive",
        "resolved": "0.51.0",
        "contentHash": "Fx/lbcNJBM1fFWhHQse0FBJEca7b+wrY52HyR6xNASAol7adkITrXkPD1g8k+7zUoVff/fXlcdb33Z6+ytzloQ==",
        "dependencies": {
          "ViciOne.Core.Contracts": "0.51.0"
        }
      },
      "ViciOne.Engine.DefaultPoolings": {
        "type": "Transitive",
        "resolved": "0.51.0",
        "contentHash": "Kr0ukLNz3IP7NaF5NN3TGpwcdM0gkmZoXSwaOQ38nIc4n46e9yFiDFaVN2P2PVx88BUhy7O5d2qTk2Cg6nfaWQ==",
        "dependencies": {
          "ViciOne.Core.Runtime": "0.51.0"
        }
      },
      "ViciOne.ManagedEngine.Serialization": {
        "type": "Transitive",
        "resolved": "0.61.0",
        "contentHash": "bxoRgDT97ay8oKYZbolOG+SI4HsKNmU+c3s8x+cfRHqAyIfXyXIr+wo1si52l8q70OJ2vRU6IzpgehOvKARzBg=="
      },
      "ViciOne.Serialization.Json": {
        "type": "Transitive",
        "resolved": "0.51.0",
        "contentHash": "WtsPTyb9caYmbBYi/Vht88ctExv5rqXduF1DuD0Zvd1gVaaAFYLG6TDfOnNdFHzwOhvBe7rXoz4ShEQG/HUl3Q==",
        "dependencies": {
          "Newtonsoft.Json": "13.0.3"
        }
      },
      "ViciOne.Ui.Localization": {
        "type": "Transitive",
        "resolved": "3.1.0",
        "contentHash": "dWk2Z5oRZrCZVgvlKA7I6qfi+iyImvEXlVmMpaYcIHywYkXxyVQiOOzTLEqLQGOnkO9HhhioIs9nalFyxiiP4g=="
      },
      "ViciOne.Ui.MonochromeIcons.Components": {
        "type": "Transitive",
        "resolved": "4.2.0",
        "contentHash": "ywunsiKyHE5XbbQuQnxdq9ACwdpsE7NNSnQ1Gf/XVizntR2nYcEu52w6VFOyjOZ6LMWzO4nFo+Sjg7F81JD5aA==",
        "dependencies": {
          "Microsoft.AspNetCore.Components.Web": "10.0.1",
          "ViciOne.Ui.MonochromeIcons.Core": "4.2.0"
        }
      },
      "ViciOne.Ui.MonochromeIcons.Core": {
        "type": "Transitive",
        "resolved": "4.2.0",
        "contentHash": "FdJrEJWbvT23kfwM5JozMXS8tFiVFe3+F8C0JbCrEBR7LYlOWsN48moy6cegrJjt7DG7/hw5QlMBP9PyCzYE/w=="
      },
      "ViciOne.Ui.TreeEditor.Builder": {
        "type": "Transitive",
        "resolved": "0.12.0",
        "contentHash": "ZSNq70e+WoRl/Axz0LUwihXhYPmVfCqlbUfAF/9600loeySqJR4GNMTjKM6EwFEdOIkZ36tgvv8Lb7HQ09AJdg==",
        "dependencies": {
          "Microsoft.AspNetCore.Components.Web": "9.0.0"
        }
      },
      "ViciOne.Suite.DataCollectionWizard.Internal": {
        "type": "Project",
        "dependencies": {
          "ViciOne.Cluster.Builder": "[0.11.0, )",
          "ViciOne.Driver.IoTCore.Contracts": "[2.0.0-ci2336879852, )",
          "ViciOne.Suite.ClusterManagement.Public": "[2.0.0-ci2328716283, )",
          "ViciOne.Suite.DataCollectionWizard.Public": "[1.4.2, )",
          "ViciOne.Suite.DataPort.Anna.Contracts": "[0.38.0, )",
          "ViciOne.Suite.Sdk": "[2.0.0-ci2328417675, )"
        }
      },
      "ViciOne.Suite.DataCollectionWizard.Public": {
        "type": "Project",
        "dependencies": {
          "ViciOne.Driver.IoTCore.Contracts": "[2.0.0-ci2336879852, )",
          "ViciOne.Suite.Sdk": "[2.0.0-ci2328417675, )"
        }
      },
      "ViciOne.Cluster.Builder": {
        "type": "CentralTransitive",
        "requested": "[0.11.0, )",
        "resolved": "0.11.0",
        "contentHash": "5L6bjq+pIgoD+c5+wvVmX+/poMJLW7+n/geMOjVIlgIEKvLPXWHTnsbpZL6Gpyo9yrkF3eMAjoQs4Fx8HQO/4w==",
        "dependencies": {
          "ViciOne.Cluster.Model": "0.11.0",
          "ViciOne.Core.Dataflow": "0.51.0",
          "ViciOne.Engine.DefaultPoolings": "0.51.0"
        }
      },
      "ViciOne.Driver.IoTCore.Contracts": {
        "type": "CentralTransitive",
        "requested": "[2.0.0-ci2336879852, )",
        "resolved": "2.0.0-ci2336879852",
        "contentHash": "qOF4D6nITHCSd36AamymdDWhG89fKKfhl2+eDEjhCrzsCwBw9iN/Hzg+QTv4cjY7SWERWhQZZRjsuIxGmvd4qg=="
      },
      "ViciOne.Suite.ClusterManagement.Public": {
        "type": "CentralTransitive",
        "requested": "[2.0.0-ci2328716283, )",
        "resolved": "2.0.0-ci2328716283",
        "contentHash": "f79xZOT28k9bg1blt3FHiyZ0JYYrUxcYRYAJ3SukWFVH3m2mBY7ZS5ta0rjIQ7QYJ5lmySFeZ7FTF45tbZ5thA==",
        "dependencies": {
          "ViciOne.Cluster.Builder": "0.11.0",
          "ViciOne.Suite.Sdk": "2.0.0-ci2328417675"
        }
      },
      "ViciOne.Suite.DataPort.Anna.Contracts": {
        "type": "CentralTransitive",
        "requested": "[0.38.0, )",
        "resolved": "0.38.0",
        "contentHash": "xcmYf+90vVn3hJFfTk/1cJs7C1MZvDKaXdrdIbpP7Of9GuirYYwWDfy424hvI4i+CnFDIp8e/ikhc76RCOfEQQ=="
      },
      "ViciOne.Suite.Sdk": {
        "type": "CentralTransitive",
        "requested": "[2.0.0-ci2328417675, )",
        "resolved": "2.0.0-ci2328417675",
        "contentHash": "DNpI2sgkRJUMwQPZiO98nZTJXoUQ6CkWZT5fEmx15Ppk6Wnus6yU5A/aXpJMSrdMt5VP3/GJfqqMTR8B/YZgZg==",
        "dependencies": {
          "MassTransit.Abstractions": "8.5.8",
          "Microsoft.AspNetCore.Authorization": "10.0.3",
          "Microsoft.Extensions.Diagnostics.HealthChecks.Abstractions": "10.0.3",
          "ViciOne.CodeAnalysis.MustCallBase": "1.6.0"
        }
      },
      "ViciOne.Ui.Blazor.Components": {
        "type": "CentralTransitive",
        "requested": "[5.3.0, )",
        "resolved": "5.2.0",
        "contentHash": "Y+OQUkP/pOOPiyb8JaIgwZWdmmLDpECvZ9ZQQl0o9WAOESMDDtGR4bTHcoH9ioI/rSKcZxRgCcOER045ahsSeg==",
        "dependencies": {
          "Microsoft.AspNetCore.Components.QuickGrid": "10.0.2",
          "Microsoft.AspNetCore.Components.Web": "10.0.2",
          "ViciOne.Ui.Localization": "3.0.1",
          "ViciOne.Ui.MonochromeIcons.Components": "4.2.0"
        }
      }
    },
    "net10.0/linux-arm64": {
      "Microsoft.Win32.SystemEvents": {
        "type": "Transitive",
        "resolved": "4.7.0",
        "contentHash": "mtVirZr++rq+XCDITMUdnETD59XoeMxSpLRIII7JRI6Yj0LEDiO1pPn0ktlnIj12Ix8bfvQqQDMMIF9wC98oCA==",
        "dependencies": {
          "Microsoft.NETCore.Platforms": "3.1.0"
        }
      },
      "System.Drawing.Common": {
        "type": "Transitive",
        "resolved": "4.7.2",
        "contentHash": "I2y4KBK3VCvU/WqE2xv7NjQ67maXHttkFSHYKgU2evrG9Yqh0oFjfORXt5hZTk+BVjdyFo2h0/YQZsca33BGmg==",
        "dependencies": {
          "Microsoft.NETCore.Platforms": "3.1.4",
          "Microsoft.Win32.SystemEvents": "4.7.0"
        }
      },
      "System.Security.Cryptography.Pkcs": {
        "type": "Transitive",
        "resolved": "8.0.1",
        "contentHash": "CoCRHFym33aUSf/NtWSVSZa99dkd0Hm7OCZUxORBjRB16LNhIEOf8THPqzIYlvKM0nNDAPTRBa1FxEECrgaxxA=="
      }
    },
    "net10.0/linux-x64": {
      "Microsoft.Win32.SystemEvents": {
        "type": "Transitive",
        "resolved": "4.7.0",
        "contentHash": "mtVirZr++rq+XCDITMUdnETD59XoeMxSpLRIII7JRI6Yj0LEDiO1pPn0ktlnIj12Ix8bfvQqQDMMIF9wC98oCA==",
        "dependencies": {
          "Microsoft.NETCore.Platforms": "3.1.0"
        }
      },
      "System.Drawing.Common": {
        "type": "Transitive",
        "resolved": "4.7.2",
        "contentHash": "I2y4KBK3VCvU/WqE2xv7NjQ67maXHttkFSHYKgU2evrG9Yqh0oFjfORXt5hZTk+BVjdyFo2h0/YQZsca33BGmg==",
        "dependencies": {
          "Microsoft.NETCore.Platforms": "3.1.4",
          "Microsoft.Win32.SystemEvents": "4.7.0"
        }
      },
      "System.Security.Cryptography.Pkcs": {
        "type": "Transitive",
        "resolved": "8.0.1",
        "contentHash": "CoCRHFym33aUSf/NtWSVSZa99dkd0Hm7OCZUxORBjRB16LNhIEOf8THPqzIYlvKM0nNDAPTRBa1FxEECrgaxxA=="
      }
    },
    "net10.0/win-x64": {
      "Microsoft.Win32.SystemEvents": {
        "type": "Transitive",
        "resolved": "4.7.0",
        "contentHash": "mtVirZr++rq+XCDITMUdnETD59XoeMxSpLRIII7JRI6Yj0LEDiO1pPn0ktlnIj12Ix8bfvQqQDMMIF9wC98oCA==",
        "dependencies": {
          "Microsoft.NETCore.Platforms": "3.1.0"
        }
      },
      "System.Drawing.Common": {
        "type": "Transitive",
        "resolved": "4.7.2",
        "contentHash": "I2y4KBK3VCvU/WqE2xv7NjQ67maXHttkFSHYKgU2evrG9Yqh0oFjfORXt5hZTk+BVjdyFo2h0/YQZsca33BGmg==",
        "dependencies": {
          "Microsoft.NETCore.Platforms": "3.1.4",
          "Microsoft.Win32.SystemEvents": "4.7.0"
        }
      },
      "System.Security.Cryptography.Pkcs": {
        "type": "Transitive",
        "resolved": "8.0.1",
        "contentHash": "CoCRHFym33aUSf/NtWSVSZa99dkd0Hm7OCZUxORBjRB16LNhIEOf8THPqzIYlvKM0nNDAPTRBa1FxEECrgaxxA=="
      }
    }
  }
}