{
  "version": 2,
  "dependencies": {
    "net10.0": {
      "AspNetCore.SassCompiler": {
        "type": "Direct",
        "requested": "[1.102.0, )",
        "resolved": "1.102.0",
        "contentHash": "zmqa5nN5NqYBQlYWDhicimoEd4iGFW2o3UpN5bhbqwjjHBo5C/mGzsYwpeZreXcH/hOPqjqNwN8Q78xKOj82hw==",
        "dependencies": {
          "Microsoft.Extensions.Configuration.Binder": "3.1.0",
          "Microsoft.Extensions.DependencyInjection.Abstractions": "3.1.0",
          "Microsoft.Extensions.Hosting.Abstractions": "3.1.0",
          "Microsoft.Extensions.Options": "3.1.0"
        }
      },
      "ViciOne.CodeAnalysis": {
        "type": "Direct",
        "requested": "[1.6.0, )",
        "resolved": "1.6.0",
        "contentHash": "fDshyYU+Yz8rVfqXjLYPeELZTlTXz8/T+pJPHeWACsE/CyhcQ3ybo+AzZdIyzjxs9M4tzqK4wil2loy694aMAQ=="
      },
      "ViciOne.Suite.Sdk.Client": {
        "type": "Direct",
        "requested": "[2.2.0, )",
        "resolved": "2.2.0",
        "contentHash": "u+DcrrpQDzc4peHNjoIXGc3GRahBKHDphvbjkb4b6E/uhBnZdVIewc5Hs2C6pQkJRakFD0H8mXlk67f238WCWA==",
        "dependencies": {
          "Microsoft.AspNetCore.Components.Authorization": "10.0.10",
          "Microsoft.AspNetCore.Components.Web": "10.0.10",
          "Microsoft.Extensions.Localization": "10.0.10",
          "ViciOne.CodeAnalysis.MustCallBase.Attributes": "1.6.0",
          "ViciOne.Suite.Sdk": "2.2.0",
          "ViciOne.Ui.Blazor.Components": "5.19.0",
          "ViciOne.Ui.Localization": "3.5.0",
          "ViciOne.Ui.MonochromeIcons.Components": "4.15.0"
        }
      },
      "ViciOne.Ui.Blazor.Components": {
        "type": "Direct",
        "requested": "[5.19.0, )",
        "resolved": "5.19.0",
        "contentHash": "nBMdBplB/3GPu66CL4H17gbrIl7E/BsMJhgcy3IEfrIOWy7xC1mLXFuWFb41yqbepfG4ZVRf8Tt3NLr/2JemSw==",
        "dependencies": {
          "Microsoft.AspNetCore.Components.QuickGrid": "10.0.10",
          "Microsoft.AspNetCore.Components.Web": "10.0.10",
          "ViciOne.Ui.Localization": "3.0.1",
          "ViciOne.Ui.MonochromeIcons.Components": "4.15.0"
        }
      },
      "ViciOne.Ui.Design": {
        "type": "Direct",
        "requested": "[2.3.0, )",
        "resolved": "2.3.0",
        "contentHash": "1Vn3DMzALpo9olYrL/u3vIlEF50PKtr/kfYFj+p1cZML/I3eRXXvW9ZVdK4bxQnceVkuQ7h749EjXrk8CtOULQ=="
      },
      "ViciOne.Ui.MonochromeIcons.Components": {
        "type": "Direct",
        "requested": "[4.15.0, )",
        "resolved": "4.15.0",
        "contentHash": "PpyOL0Ed0KklTNUV4SoOI3hymOsYSBDhn3PXWe7XYAJvyrjNLghVR5ThR5/DsfQPvtwnURnoOekcK/7PquQVYg==",
        "dependencies": {
          "Microsoft.AspNetCore.Components.Web": "10.0.8",
          "ViciOne.Ui.MonochromeIcons.Assets": "4.15.0",
          "ViciOne.Ui.MonochromeIcons.Core": "4.15.0"
        }
      },
      "ViciOne.Ui.TreeEditor": {
        "type": "Direct",
        "requested": "[2.0.1, )",
        "resolved": "2.0.1",
        "contentHash": "kshyeiONEFd2/yHJN0+6vkhapEarGF5ozK6Gw42+8KuIlW29bXD19+K8wbbgfQPy886YiKVd8T/e6NGVY2rl6w==",
        "dependencies": {
          "Microsoft.AspNetCore.Components.Web": "10.0.7",
          "ViciOne.Ui.TreeEditor.Builder": "2.0.1"
        }
      },
      "FastCloner": {
        "type": "Transitive",
        "resolved": "3.4.7",
        "contentHash": "30wSSPo5ut//D6VZH1HfugVZBAmXxaoF7/oDPiAOKAOp+50C63KJ2dhtja4CeQd68ZqiYJoxNcigJPARieWiJg=="
      },
      "MassTransit.Abstractions": {
        "type": "Transitive",
        "resolved": "8.5.10",
        "contentHash": "nZnm2YNH+NcVwY6yC114sJy8J9LtKdFjfKUm/A5HfmzOlZ8ksjgHaPBg5XCG1VAqKDRDFnaudIcesVultKJD7g=="
      },
      "Microsoft.AspNetCore.Authorization": {
        "type": "Transitive",
        "resolved": "10.0.10",
        "contentHash": "FxWC2bc788/51CiSiMkKW5gQyqrSSs1991BhphS6ZARMGii+3Qr355Q9OSB/nBpdHVjIopfegAhreZ6UPpO9WA==",
        "dependencies": {
          "Microsoft.AspNetCore.Metadata": "10.0.10",
          "Microsoft.Extensions.Diagnostics": "10.0.10",
          "Microsoft.Extensions.Logging.Abstractions": "10.0.10",
          "Microsoft.Extensions.Options": "10.0.10"
        }
      },
      "Microsoft.AspNetCore.Components": {
        "type": "Transitive",
        "resolved": "10.0.10",
        "contentHash": "wlCBFU9YxqhUc2kVbl/FCGNFSbRjS312WVk9YRVjs/OcZ+Yqa9QsD7z+UcBzNNAbcPpEM98f/PaaD6lHt5rmIg==",
        "dependencies": {
          "Microsoft.AspNetCore.Authorization": "10.0.10",
          "Microsoft.AspNetCore.Components.Analyzers": "10.0.10"
        }
      },
      "Microsoft.AspNetCore.Components.Analyzers": {
        "type": "Transitive",
        "resolved": "10.0.10",
        "contentHash": "ZBJobkEDv6yWftw3ycZMkuV9YpvJOBmjWpg2UbQ0Ol4THObhKai0PNl/SGFBmpw03JKCPA63RgplQOA1LQbRDg=="
      },
      "Microsoft.AspNetCore.Components.Authorization": {
        "type": "Transitive",
        "resolved": "10.0.10",
        "contentHash": "em2xVQkvtn3BHFT3J9pp4K3yDgPnp0S5a+gcGxb6xkjqy+81yDa8XEEaQnkruCVRusFMltORFFmnlrnHa/A90w==",
        "dependencies": {
          "Microsoft.AspNetCore.Authorization": "10.0.10",
          "Microsoft.AspNetCore.Components": "10.0.10"
        }
      },
      "Microsoft.AspNetCore.Components.Forms": {
        "type": "Transitive",
        "resolved": "10.0.10",
        "contentHash": "09cKk0/t83Y5DN5ne4J9Y+OiLJEQ+XBFGIoD0UXAnae8yQEkFa/OYbX0bBGkx0k5r5ndta/CMdlMk3lCG81R0g==",
        "dependencies": {
          "Microsoft.AspNetCore.Components": "10.0.10",
          "Microsoft.Extensions.Validation": "10.0.10"
        }
      },
      "Microsoft.AspNetCore.Components.QuickGrid": {
        "type": "Transitive",
        "resolved": "10.0.10",
        "contentHash": "1wIaj1TJwKaZ8uqMypLZggnLra2jxeXLivgx1ZwUwFXdzN2o2+uZZWH6yqVcFUM0OGdGFyd4GCMrXcHH5cu7fw==",
        "dependencies": {
          "Microsoft.AspNetCore.Components.Web": "10.0.10"
        }
      },
      "Microsoft.AspNetCore.Components.Web": {
        "type": "Transitive",
        "resolved": "10.0.10",
        "contentHash": "8+cyStKhSy94Q2L/2zmgk0H1f+GKvBGEvTImT0qdsCqeNbT7ilGDKTIJ1PiugsPtSNLuUEABUqMpA3rE1yAKFg==",
        "dependencies": {
          "Microsoft.AspNetCore.Components": "10.0.10",
          "Microsoft.AspNetCore.Components.Forms": "10.0.10",
          "Microsoft.Extensions.DependencyInjection": "10.0.10",
          "Microsoft.Extensions.Primitives": "10.0.10",
          "Microsoft.JSInterop": "10.0.10"
        }
      },
      "Microsoft.AspNetCore.Metadata": {
        "type": "Transitive",
        "resolved": "10.0.10",
        "contentHash": "nmZYV9OQ69r3EDOj0SW1JLgD4uFHfMNDKb8mk8Mf4y0Enw3AzkMD85zPuAk5FqmEz8PS0WagR/tJCwLg8xpI3Q=="
      },
      "Microsoft.Extensions.Configuration": {
        "type": "Transitive",
        "resolved": "10.0.10",
        "contentHash": "plJWK2zpWuuyxI8F8s2scx6Je7N1Ajjs6HvYUGKwRnDMWIVIz9FHwAkiT7ASgrvAOd10T0FPVlh9BzAJJME+jg==",
        "dependencies": {
          "Microsoft.Extensions.Configuration.Abstractions": "10.0.10",
          "Microsoft.Extensions.Primitives": "10.0.10"
        }
      },
      "Microsoft.Extensions.Configuration.Abstractions": {
        "type": "Transitive",
        "resolved": "10.0.10",
        "contentHash": "5Vnd2I75DmZCVEjSynIdJ/0EGafgnLQwgR3t2C2/fkjx/nRG+cLwxLLdInoHeCEpkD5K4Ov/g9ZCRYrl4TRsaA==",
        "dependencies": {
          "Microsoft.Extensions.Primitives": "10.0.10"
        }
      },
      "Microsoft.Extensions.Configuration.Binder": {
        "type": "Transitive",
        "resolved": "10.0.10",
        "contentHash": "GqmN2o1CkJvk7uWp+p4CwBYW0w/zfoEbvsiFDbO2G8l1Uz+mrDAbAcZiXhU2lufKPby1cjAUdd5GTWpebYOkOA==",
        "dependencies": {
          "Microsoft.Extensions.Configuration": "10.0.10",
          "Microsoft.Extensions.Configuration.Abstractions": "10.0.10"
        }
      },
      "Microsoft.Extensions.DependencyInjection": {
        "type": "Transitive",
        "resolved": "10.0.10",
        "contentHash": "ANyvsgkNBRvcJh2XLgn8veGmajf+8m0AbKK+HPWdRL1yraSNVVSmQhFntLtdz/C795jxqqup+k05cs/3jZQPOA==",
        "dependencies": {
          "Microsoft.Extensions.DependencyInjection.Abstractions": "10.0.10"
        }
      },
      "Microsoft.Extensions.DependencyInjection.Abstractions": {
        "type": "Transitive",
        "resolved": "10.0.10",
        "contentHash": "z/2xXlFw2aLGjHyEm6E0tQ+In6VfzQzTrtArbQ2c0TQE16ZbyDCMGPvaUT9I0s8rgy9sRWlU2P9waW37qV04qA=="
      },
      "Microsoft.Extensions.Diagnostics": {
        "type": "Transitive",
        "resolved": "10.0.10",
        "contentHash": "Kr/e7lUf4+N8tacbqJ2Ctwe/HarKdAc9ZkgKVVqvtJDBKbez+T/KnUwu82KSlnBp/SrpBcxc7u7xkE2oUZT/5Q==",
        "dependencies": {
          "Microsoft.Extensions.Configuration": "10.0.10",
          "Microsoft.Extensions.Diagnostics.Abstractions": "10.0.10",
          "Microsoft.Extensions.Options.ConfigurationExtensions": "10.0.10"
        }
      },
      "Microsoft.Extensions.Diagnostics.Abstractions": {
        "type": "Transitive",
        "resolved": "10.0.10",
        "contentHash": "9uWiKpeOVac355STyChWR/pliFX/5CeLqChW9kKsaxyDH4EUTZxMkT4Jwp/J/peLm0GBFmSX5c0WCse3yCnq1Q==",
        "dependencies": {
          "Microsoft.Extensions.DependencyInjection.Abstractions": "10.0.10",
          "Microsoft.Extensions.Options": "10.0.10"
        }
      },
      "Microsoft.Extensions.Diagnostics.HealthChecks.Abstractions": {
        "type": "Transitive",
        "resolved": "10.0.10",
        "contentHash": "6euxgVR7NS83y0a2wLRAxfYXusLQJ2e1ah0MpQgYTYMs5lYrmdNP79C6T8uvRZdP87n5mcCcp6+w0EyWAidKZw=="
      },
      "Microsoft.Extensions.FileProviders.Abstractions": {
        "type": "Transitive",
        "resolved": "3.1.0",
        "contentHash": "G3iBMOnn3tETEUvkE9J3a23wQpRkiXZp73zR0XNlicjLFhkeWW1FCaC2bTjrgHhPi2KO6x0BXnHvVuJPIlygBQ==",
        "dependencies": {
          "Microsoft.Extensions.Primitives": "3.1.0"
        }
      },
      "Microsoft.Extensions.Hosting.Abstractions": {
        "type": "Transitive",
        "resolved": "3.1.0",
        "contentHash": "LiOP1ceFaPBxaE28SOjtORzOVCJk33TT5VQ/Cg5EoatZh1dxpPAgAV/0ruzWKQE7WAHU3F1H9Z6rFgsQwIb9uQ==",
        "dependencies": {
          "Microsoft.Extensions.Configuration.Abstractions": "3.1.0",
          "Microsoft.Extensions.DependencyInjection.Abstractions": "3.1.0",
          "Microsoft.Extensions.FileProviders.Abstractions": "3.1.0",
          "Microsoft.Extensions.Logging.Abstractions": "3.1.0"
        }
      },
      "Microsoft.Extensions.Localization": {
        "type": "Transitive",
        "resolved": "10.0.10",
        "contentHash": "2Ir/iqrQJ41oYx3Ygy9PUZEaZyVYXqUbX4TRGGJDPztD41QFMHOcSh5ezKYelDjdRXAr+w1sAtr+Qy5FwCH2sQ==",
        "dependencies": {
          "Microsoft.Extensions.DependencyInjection.Abstractions": "10.0.10",
          "Microsoft.Extensions.Localization.Abstractions": "10.0.10",
          "Microsoft.Extensions.Logging.Abstractions": "10.0.10",
          "Microsoft.Extensions.Options": "10.0.10"
        }
      },
      "Microsoft.Extensions.Localization.Abstractions": {
        "type": "Transitive",
        "resolved": "10.0.10",
        "contentHash": "j1DygDJR1wP3LG3d7a1rTFPUZcPfhMggcmDEGKhK2iLK0TuAIaW9bHiq1f9k650gdsXsANTm71hEg/k9msNnAQ=="
      },
      "Microsoft.Extensions.Logging": {
        "type": "Transitive",
        "resolved": "10.0.9",
        "contentHash": "N7Gm9SjugYjmmnhwbBKC9DFqGqjfJvh6YfOJgtwh0AW0Xpok3dIVors1ik050XmUxKAgAc7nNngDIJyFb06K2g==",
        "dependencies": {
          "Microsoft.Extensions.DependencyInjection": "10.0.9",
          "Microsoft.Extensions.Logging.Abstractions": "10.0.9",
          "Microsoft.Extensions.Options": "10.0.9"
        }
      },
      "Microsoft.Extensions.Logging.Abstractions": {
        "type": "Transitive",
        "resolved": "10.0.10",
        "contentHash": "zkFxGYUvdxAvIKTyXHrmW+Sux53D4SezD9dMyZ6hrwwzPQJNuwCRy1f5W7AvYTqacEGhWF2XderRQG1OvbV8og==",
        "dependencies": {
          "Microsoft.Extensions.DependencyInjection.Abstractions": "10.0.10"
        }
      },
      "Microsoft.Extensions.Options": {
        "type": "Transitive",
        "resolved": "10.0.10",
        "contentHash": "srnhnk7nE8krBiIXp71LvBmKBtraBONWSRzdjJgRv1Ko9Mp8IVNqv4vIS9hGeVteBig8aQkva9ZG+sC+o5sVcA==",
        "dependencies": {
          "Microsoft.Extensions.DependencyInjection.Abstractions": "10.0.10",
          "Microsoft.Extensions.Primitives": "10.0.10"
        }
      },
      "Microsoft.Extensions.Options.ConfigurationExtensions": {
        "type": "Transitive",
        "resolved": "10.0.10",
        "contentHash": "tnBmu/LwF25ZQK+HBNCu2xrwnkKoB/XEbJyooGGoYxHrhvxbSKi7eOFiJ4AXBy/QU4vtCvCJfoi8k9Ej72qzOQ==",
        "dependencies": {
          "Microsoft.Extensions.Configuration.Abstractions": "10.0.10",
          "Microsoft.Extensions.Configuration.Binder": "10.0.10",
          "Microsoft.Extensions.DependencyInjection.Abstractions": "10.0.10",
          "Microsoft.Extensions.Options": "10.0.10",
          "Microsoft.Extensions.Primitives": "10.0.10"
        }
      },
      "Microsoft.Extensions.Primitives": {
        "type": "Transitive",
        "resolved": "10.0.10",
        "contentHash": "5wu/GrYVd8mG2DVUw3vFJzF+O336TyTGg/Kmcgw9bfwYhCoFiV5lR5QeEmKecJyrW4W54nMfD3p3589E8a7czQ=="
      },
      "Microsoft.Extensions.Validation": {
        "type": "Transitive",
        "resolved": "10.0.10",
        "contentHash": "d77zBZk+Z4uo6hEuLvMY+yMjLkn2T/vX5c2sB0sdoSxQVZk7qvec6SuORp2/uZp7UchX4hNp+VJm4GsoSE0waA==",
        "dependencies": {
          "Microsoft.Extensions.DependencyInjection.Abstractions": "10.0.10",
          "Microsoft.Extensions.Options": "10.0.10"
        }
      },
      "Microsoft.JSInterop": {
        "type": "Transitive",
        "resolved": "10.0.10",
        "contentHash": "VivWvz1iFR3Ntf/e5/xci6o/MF2tcHiprNkhRlL+gMkBoDjQJCioiO+Gwp/DP8scuzqbp3b9C3wh+zuy4pD4AA=="
      },
      "Newtonsoft.Json": {
        "type": "Transitive",
        "resolved": "13.0.4",
        "contentHash": "pdgNNMai3zv51W5aq268sujXUyx7SNdE2bj1wZcWjAQrKMFZV260lbqYop1d2GM67JI1huLRwxo9ZqnfF/lC6A=="
      },
      "ViciOne.Cluster.Model": {
        "type": "Transitive",
        "resolved": "1.0.0",
        "contentHash": "ljSWCLtPYlrzNhlgbVFP9XfU7/MTlOrNIQ+AIcAGLyFjEGTWv7tMpdFGjWbhAs8rNo8coGk2puXWUpimkqr6EQ==",
        "dependencies": {
          "ViciOne.Core.Contracts": "1.0.0",
          "ViciOne.ManagedEngine.Serialization": "1.0.0",
          "ViciOne.Serialization.Json": "1.0.0"
        }
      },
      "ViciOne.CodeAnalysis.MustCallBase": {
        "type": "Transitive",
        "resolved": "1.6.0",
        "contentHash": "PCe0xFAejg2FcxePPNribpB3vgh4RvOYgvLXnsbJP7cCe+w4BS63zSKoWXC1NzHEX0ZHEnPx6f3CuLjscgPF4g=="
      },
      "ViciOne.CodeAnalysis.MustCallBase.Attributes": {
        "type": "Transitive",
        "resolved": "1.6.0",
        "contentHash": "TqDz9fmKppT/1pzrMSaGb7xygfApVYmEPgyAQ+7afM+ZfRSJMa1jxsUMnLCPh85HqBvmIrYRB9/lK8melVbjfg=="
      },
      "ViciOne.Core.Contracts": {
        "type": "Transitive",
        "resolved": "1.0.0",
        "contentHash": "AOr1PWoy5LCJWbb73E0+Gywh55DQFQLiJRUGZFEAknCQOZ07TuyiNxkb+f7mh/W+fyhgx1eehdN4H8L9i6s31g==",
        "dependencies": {
          "Microsoft.Extensions.Logging.Abstractions": "10.0.3"
        }
      },
      "ViciOne.Core.Dataflow": {
        "type": "Transitive",
        "resolved": "1.0.0",
        "contentHash": "+cXGZuamNOKQvbqCYKUSYttrz64qBaQHno/VXANMnOT6///jCE+rcJXqiuw3g6d5R71i7uNWtvknEJcUed5+0g==",
        "dependencies": {
          "FastCloner": "3.4.7",
          "ViciOne.Core.Contracts": "1.0.0"
        }
      },
      "ViciOne.Core.Runtime": {
        "type": "Transitive",
        "resolved": "1.0.0",
        "contentHash": "if/EBwinB6KOWxGugJj+zhctBhnKyYAFAXhGt2BOFYxPADUrXS2uC1C5Nwkodfz7JbFxmnF+iAXTioX0ap5f7A==",
        "dependencies": {
          "ViciOne.Core.Contracts": "1.0.0"
        }
      },
      "ViciOne.Engine.DefaultPoolings": {
        "type": "Transitive",
        "resolved": "1.0.0",
        "contentHash": "aKo2lnS28E2u0PkTZ+Tj3cZssIUN9Nk8b5xNVZ0AaeHoRDRIRtkTDLXgMRSCrVYJlpmzRRfmhkFQedi22nhr4w==",
        "dependencies": {
          "ViciOne.Core.Runtime": "1.0.0"
        }
      },
      "ViciOne.ManagedEngine.Serialization": {
        "type": "Transitive",
        "resolved": "1.0.0",
        "contentHash": "8ZwPSnqDn3lZODdhK2/7Qe54yNEWt3XIxmVDAd5IK86+OjsU3gSCcZdMOo1Zq2aqWja4KtlSzgvj3hQfMqiisQ=="
      },
      "ViciOne.Serialization.Json": {
        "type": "Transitive",
        "resolved": "1.0.0",
        "contentHash": "6txx7nQFY0+8NAlP3XxYP7NUwCf2ttzybI1/22XKQ+3WQpnEjWt12wxg+8zN5c9rTOIE1kzKe8XQTLzbZNKRBw==",
        "dependencies": {
          "Newtonsoft.Json": "13.0.4"
        }
      },
      "ViciOne.Ui.Localization": {
        "type": "Transitive",
        "resolved": "3.5.0",
        "contentHash": "jZ+ch/NkeoRVdfzMVnSe2VqQ8rnKIcSQPrDxF18zyLHt75j4seqZ05S7a6m+hggpTbWVaCvtipsw9yTKikDkaw=="
      },
      "ViciOne.Ui.MonochromeIcons.Assets": {
        "type": "Transitive",
        "resolved": "4.15.0",
        "contentHash": "16UHEPy4EohHTgM85Hs0lOdEAxWOY6CK4WYHxHZOOZfD+2zQdMhxZrnSui9CNkaiykkJrYLeNQyDVIkkSv0C/g==",
        "dependencies": {
          "Microsoft.AspNetCore.Components.Web": "10.0.8",
          "Microsoft.Extensions.Logging": "10.0.9",
          "ViciOne.Ui.MonochromeIcons.Core": "4.15.0"
        }
      },
      "ViciOne.Ui.MonochromeIcons.Core": {
        "type": "Transitive",
        "resolved": "4.15.0",
        "contentHash": "054WmujygCqVLehdSuidb4fpVZ+8z44O5bPSvx2Vn6HgjlE2LhzrK9AkIA+KnVMBFbMu54TY26zmxL44W9FbLg=="
      },
      "ViciOne.Ui.TreeEditor.Builder": {
        "type": "Transitive",
        "resolved": "2.0.1",
        "contentHash": "/A85S57CjsqJfHZdKXbfEuFjU7UICyTEZql7JQcH20c2WFoCmAVbSlz0TOhuJjFHypKvCE+pvMhqlQYb3cA5Gw==",
        "dependencies": {
          "Microsoft.AspNetCore.Components.Web": "10.0.7"
        }
      },
      "ViciOne.Suite.DataCollectionWizard.Internal": {
        "type": "Project",
        "dependencies": {
          "ViciOne.Cluster.Builder": "[1.0.0, )",
          "ViciOne.Driver.IoTCore.Contracts": "[2.0.1, )",
          "ViciOne.Suite.ClusterManagement.Public": "[2.4.0-ci2729942661, )",
          "ViciOne.Suite.DataCollectionWizard.Public": "[1.0.0, )",
          "ViciOne.Suite.DataPort.Anna.Contracts": "[1.0.0, )",
          "ViciOne.Suite.Sdk": "[2.2.0, )"
        }
      },
      "ViciOne.Suite.DataCollectionWizard.Public": {
        "type": "Project",
        "dependencies": {
          "ViciOne.Driver.IoTCore.Contracts": "[2.0.1, )",
          "ViciOne.Suite.Sdk": "[2.2.0, )"
        }
      },
      "ViciOne.Cluster.Builder": {
        "type": "CentralTransitive",
        "requested": "[1.0.0, )",
        "resolved": "1.0.0",
        "contentHash": "GCcxOXTcePV3zIkVel6qYQ3px0TkV0k2cCet4mZ2FC3eKBZqE3rioLWn1Tybt2bH1KOSxTSSqz2K8gCdt07EPA==",
        "dependencies": {
          "ViciOne.Cluster.Model": "1.0.0",
          "ViciOne.Core.Dataflow": "1.0.0",
          "ViciOne.Engine.DefaultPoolings": "1.0.0"
        }
      },
      "ViciOne.Driver.IoTCore.Contracts": {
        "type": "CentralTransitive",
        "requested": "[2.0.1, )",
        "resolved": "2.0.1",
        "contentHash": "eTAHCTRnPIBWQiXw9qm1idbA/nKfDKboxepqZorKPfOqaGmc9xDLd3/1GkVOcB4dbJnRMvVREU1FtS680zTNkA=="
      },
      "ViciOne.Suite.ClusterManagement.Public": {
        "type": "CentralTransitive",
        "requested": "[2.4.0-ci2729942661, )",
        "resolved": "2.4.0-ci2729942661",
        "contentHash": "RV2Efc0nwzi01tMmY+7lCP3gGzWFqaVj8W3IiBnIf+2zuLOz79lOY0o+a8Rm07l9KGT6r024jq1qo/Uu3pSKSw==",
        "dependencies": {
          "ViciOne.Cluster.Builder": "1.0.0",
          "ViciOne.Suite.Sdk": "2.2.0"
        }
      },
      "ViciOne.Suite.DataPort.Anna.Contracts": {
        "type": "CentralTransitive",
        "requested": "[1.0.0, )",
        "resolved": "1.0.0",
        "contentHash": "vPjGKYaeusCLt0jtOn9nwxN08mmdPZD7RAW5wiEXeNl0eItxsQg+Zil3fNX/e3/NPygquaWGJ7SZs/uyfWjbOw=="
      },
      "ViciOne.Suite.Sdk": {
        "type": "CentralTransitive",
        "requested": "[2.2.0, )",
        "resolved": "2.2.0",
        "contentHash": "fsu9C+yhGdZHZPlBTSNt0R5LIYiitmYvkNa+qqmKRNZXESEbYCjwczmoQ9WmnPKVVb+8N4xqzzP169lXKcB57A==",
        "dependencies": {
          "MassTransit.Abstractions": "8.5.10",
          "Microsoft.AspNetCore.Authorization": "10.0.10",
          "Microsoft.Extensions.Diagnostics.HealthChecks.Abstractions": "10.0.10",
          "ViciOne.CodeAnalysis.MustCallBase": "1.6.0"
        }
      }
    },
    "net10.0/linux-arm64": {},
    "net10.0/linux-x64": {},
    "net10.0/win-x64": {}
  }
}